// !$*UTF8*$!
{
	archiveVersion = 1;
	classes = {
	};
	objectVersion = 50;
	objects = {

/* Begin PBXBuildFile section */
		01052EAD25F872D00049EC6F /* MultiThreadTests.swift in Sources */ = {isa = PBXBuildFile; fileRef = 01052EAC25F872D00049EC6F /* MultiThreadTests.swift */; };
		0107507826E88DD400AAEA10 /* MJCoreDataTestModel.xcdatamodeld in Sources */ = {isa = PBXBuildFile; fileRef = 0107507626E88DD400AAEA10 /* MJCoreDataTestModel.xcdatamodeld */; };
		0107507B26E88EAC00AAEA10 /* MJCoreDataTester+CoreDataClass.swift in Sources */ = {isa = PBXBuildFile; fileRef = 0107507926E88EAC00AAEA10 /* MJCoreDataTester+CoreDataClass.swift */; };
		0107507E26E890C100AAEA10 /* CoreDataTests.swift in Sources */ = {isa = PBXBuildFile; fileRef = 0107507D26E890C100AAEA10 /* CoreDataTests.swift */; };
		0107508726E8C2DB00AAEA10 /* MJExtension.framework in Frameworks */ = {isa = PBXBuildFile; fileRef = 2D2DB9F42317DA64005A689E /* MJExtension.framework */; };
		0107508F26E8C59F00AAEA10 /* AppDelegate.swift in Sources */ = {isa = PBXBuildFile; fileRef = 0107508E26E8C59F00AAEA10 /* AppDelegate.swift */; };
		0107509626E8C5A000AAEA10 /* Main.storyboard in Resources */ = {isa = PBXBuildFile; fileRef = 0107509426E8C5A000AAEA10 /* Main.storyboard */; };
		0107509826E8C5A300AAEA10 /* Assets.xcassets in Resources */ = {isa = PBXBuildFile; fileRef = 0107509726E8C5A300AAEA10 /* Assets.xcassets */; };
		0107509B26E8C5A300AAEA10 /* LaunchScreen.storyboard in Resources */ = {isa = PBXBuildFile; fileRef = 0107509926E8C5A300AAEA10 /* LaunchScreen.storyboard */; };
		010DF01E2761D90A0007EEF0 /* SpecialPropertyTypeTests.swift in Sources */ = {isa = PBXBuildFile; fileRef = 010DF01D2761D90A0007EEF0 /* SpecialPropertyTypeTests.swift */; };
		0130EE80233C56D8008D2386 /* MJFrenchUser.m in Sources */ = {isa = PBXBuildFile; fileRef = 0130EE7F233C56D8008D2386 /* MJFrenchUser.m */; };
		0130F2032782DFD200800FF3 /* MJExtension_Private.h in Headers */ = {isa = PBXBuildFile; fileRef = 0130F2022782DFA300800FF3 /* MJExtension_Private.h */; settings = {ATTRIBUTES = (Private, ); }; };
		0130F2122784442200800FF3 /* MJCoreDataTester+CoreDataProperties.swift in Sources */ = {isa = PBXBuildFile; fileRef = 0130F20F2784441E00800FF3 /* MJCoreDataTester+CoreDataProperties.swift */; };
		0179886C24EFA460007F7FBC /* MJTester.swift in Sources */ = {isa = PBXBuildFile; fileRef = 0179886B24EFA460007F7FBC /* MJTester.swift */; };
		0179887024EFA58B007F7FBC /* SwiftModelTests.swift in Sources */ = {isa = PBXBuildFile; fileRef = 0179886F24EFA58B007F7FBC /* SwiftModelTests.swift */; };
		018717B52787E6CC0024B7F9 /* MJCoreDataPerson+CoreDataClass.swift in Sources */ = {isa = PBXBuildFile; fileRef = 018717B32787E6CB0024B7F9 /* MJCoreDataPerson+CoreDataClass.swift */; };
		018717B62787E6CC0024B7F9 /* MJCoreDataPerson+CoreDataProperties.swift in Sources */ = {isa = PBXBuildFile; fileRef = 018717B42787E6CC0024B7F9 /* MJCoreDataPerson+CoreDataProperties.swift */; };
		018717C32788552C0024B7F9 /* MJCDTesterInverseSelf+CoreDataClass.swift in Sources */ = {isa = PBXBuildFile; fileRef = 018717C12788552B0024B7F9 /* MJCDTesterInverseSelf+CoreDataClass.swift */; };
		018717C42788552C0024B7F9 /* MJCDTesterInverseSelf+CoreDataProperties.swift in Sources */ = {isa = PBXBuildFile; fileRef = 018717C22788552C0024B7F9 /* MJCDTesterInverseSelf+CoreDataProperties.swift */; };
		01B05644278BD9970034C4BD /* MJCDTesterMany2Many+CoreDataClass.swift in Sources */ = {isa = PBXBuildFile; fileRef = 01B05642278BD9970034C4BD /* MJCDTesterMany2Many+CoreDataClass.swift */; };
		01B05645278BD9970034C4BD /* MJCDTesterMany2Many+CoreDataProperties.swift in Sources */ = {isa = PBXBuildFile; fileRef = 01B05643278BD9970034C4BD /* MJCDTesterMany2Many+CoreDataProperties.swift */; };
		01BB00FD277EC1FF002EF5B3 /* DeprecatedAPITests.swift in Sources */ = {isa = PBXBuildFile; fileRef = 01BB00FC277EC1FF002EF5B3 /* DeprecatedAPITests.swift */; };
		01BB0100277EE8DC002EF5B3 /* NSDate+MJExtension.h in Headers */ = {isa = PBXBuildFile; fileRef = 01BB00FE277EE8DB002EF5B3 /* NSDate+MJExtension.h */; settings = {ATTRIBUTES = (Public, ); }; };
		01BB0101277EE8DC002EF5B3 /* NSDate+MJExtension.m in Sources */ = {isa = PBXBuildFile; fileRef = 01BB00FF277EE8DB002EF5B3 /* NSDate+MJExtension.m */; };
		01BC91E2277418DF004E5265 /* ValueTransformingTests.swift in Sources */ = {isa = PBXBuildFile; fileRef = 01BC91E1277418DF004E5265 /* ValueTransformingTests.swift */; };
		01BC91E427741956004E5265 /* MJCredential.swift in Sources */ = {isa = PBXBuildFile; fileRef = 01BC91E327741956004E5265 /* MJCredential.swift */; };
		01BC91E627741D8C004E5265 /* MJArticle.swift in Sources */ = {isa = PBXBuildFile; fileRef = 01BC91E527741D8C004E5265 /* MJArticle.swift */; };
		01BC921327747C06004E5265 /* Benchmark.swift in Sources */ = {isa = PBXBuildFile; fileRef = 01BC920B27747C05004E5265 /* Benchmark.swift */; };
		01D3949B26FACE7D00457B88 /* MJCoreDataTestModel.xcdatamodeld in Sources */ = {isa = PBXBuildFile; fileRef = 0107507626E88DD400AAEA10 /* MJCoreDataTestModel.xcdatamodeld */; };
		01F28187248F64ED008775BA /* MJCat.m in Sources */ = {isa = PBXBuildFile; fileRef = 01F28186248F64ED008775BA /* MJCat.m */; };
		01F5515E2757144500518218 /* MJEClass.h in Headers */ = {isa = PBXBuildFile; fileRef = 01F5515C2757144500518218 /* MJEClass.h */; settings = {ATTRIBUTES = (Private, ); }; };
		01F5515F2757144500518218 /* MJEClass.m in Sources */ = {isa = PBXBuildFile; fileRef = 01F5515D2757144500518218 /* MJEClass.m */; };
		01F55161275758C900518218 /* MJExtensionProtocols.h in Headers */ = {isa = PBXBuildFile; fileRef = 01F55160275758C900518218 /* MJExtensionProtocols.h */; settings = {ATTRIBUTES = (Public, ); }; };
		01F551642758C74F00518218 /* NSObject+MJExtensionExample.m in Sources */ = {isa = PBXBuildFile; fileRef = 01F551632758C74F00518218 /* NSObject+MJExtensionExample.m */; };
		2D2DB9F82317DA64005A689E /* MJExtension.h in Headers */ = {isa = PBXBuildFile; fileRef = 2D2DB9F62317DA64005A689E /* MJExtension.h */; settings = {ATTRIBUTES = (Public, ); }; };
		2D2DBA172317DB33005A689E /* NSObject+MJCoding.m in Sources */ = {isa = PBXBuildFile; fileRef = 2D2DBA032317DB32005A689E /* NSObject+MJCoding.m */; };
		2D2DBA182317DB33005A689E /* MJProperty.m in Sources */ = {isa = PBXBuildFile; fileRef = 2D2DBA042317DB32005A689E /* MJProperty.m */; };
		2D2DBA192317DB33005A689E /* MJPropertyKey.m in Sources */ = {isa = PBXBuildFile; fileRef = 2D2DBA052317DB32005A689E /* MJPropertyKey.m */; };
		2D2DBA1A2317DB33005A689E /* NSObject+MJKeyValue.m in Sources */ = {isa = PBXBuildFile; fileRef = 2D2DBA062317DB32005A689E /* NSObject+MJKeyValue.m */; };
		2D2DBA1C2317DB33005A689E /* MJExtensionPredefine.h in Headers */ = {isa = PBXBuildFile; fileRef = 2D2DBA082317DB32005A689E /* MJExtensionPredefine.h */; settings = {ATTRIBUTES = (Public, ); }; };
		2D2DBA1F2317DB33005A689E /* NSString+MJExtension.mm in Sources */ = {isa = PBXBuildFile; fileRef = 2D2DBA0B2317DB32005A689E /* NSString+MJExtension.mm */; };
		2D2DBA212317DB33005A689E /* NSObject+MJCoding.h in Headers */ = {isa = PBXBuildFile; fileRef = 2D2DBA0D2317DB32005A689E /* NSObject+MJCoding.h */; settings = {ATTRIBUTES = (Public, ); }; };
		2D2DBA252317DB33005A689E /* MJPropertyKey.h in Headers */ = {isa = PBXBuildFile; fileRef = 2D2DBA112317DB32005A689E /* MJPropertyKey.h */; settings = {ATTRIBUTES = (Public, ); }; };
		2D2DBA262317DB33005A689E /* MJProperty.h in Headers */ = {isa = PBXBuildFile; fileRef = 2D2DBA122317DB32005A689E /* MJProperty.h */; settings = {ATTRIBUTES = (Public, ); }; };
		2D2DBA272317DB33005A689E /* NSObject+MJKeyValue.h in Headers */ = {isa = PBXBuildFile; fileRef = 2D2DBA132317DB33005A689E /* NSObject+MJKeyValue.h */; settings = {ATTRIBUTES = (Public, ); }; };
		2D2DBA282317DB33005A689E /* NSString+MJExtension.h in Headers */ = {isa = PBXBuildFile; fileRef = 2D2DBA142317DB33005A689E /* NSString+MJExtension.h */; settings = {ATTRIBUTES = (Public, ); }; };
		2D2DBA582317DBB9005A689E /* MJExtensionTests.m in Sources */ = {isa = PBXBuildFile; fileRef = 2D2DBA572317DBB9005A689E /* MJExtensionTests.m */; };
		2D2DBA7A2317DBE0005A689E /* MJDog.m in Sources */ = {isa = PBXBuildFile; fileRef = 2D2DBA602317DBDF005A689E /* MJDog.m */; };
		2D2DBA7B2317DBE0005A689E /* MJBox.m in Sources */ = {isa = PBXBuildFile; fileRef = 2D2DBA652317DBDF005A689E /* MJBox.m */; };
		2D2DBA7C2317DBE0005A689E /* MJStudent.m in Sources */ = {isa = PBXBuildFile; fileRef = 2D2DBA662317DBDF005A689E /* MJStudent.m */; };
		2D2DBA7D2317DBE0005A689E /* MJBook.m in Sources */ = {isa = PBXBuildFile; fileRef = 2D2DBA692317DBDF005A689E /* MJBook.m */; };
		2D2DBA7E2317DBE0005A689E /* MJBag.m in Sources */ = {isa = PBXBuildFile; fileRef = 2D2DBA6A2317DBDF005A689E /* MJBag.m */; };
		2D2DBA7F2317DBE0005A689E /* MJBaseObject.m in Sources */ = {isa = PBXBuildFile; fileRef = 2D2DBA6C2317DBDF005A689E /* MJBaseObject.m */; };
		2D2DBA802317DBE0005A689E /* MJUser.m in Sources */ = {isa = PBXBuildFile; fileRef = 2D2DBA6E2317DBDF005A689E /* MJUser.m */; };
		2D2DBA812317DBE0005A689E /* MJStatusResult.m in Sources */ = {isa = PBXBuildFile; fileRef = 2D2DBA712317DBDF005A689E /* MJStatusResult.m */; };
		2D2DBA822317DBE0005A689E /* MJStatus.m in Sources */ = {isa = PBXBuildFile; fileRef = 2D2DBA722317DBDF005A689E /* MJStatus.m */; };
		2D2DBA832317DBE0005A689E /* MJAd.m in Sources */ = {isa = PBXBuildFile; fileRef = 2D2DBA732317DBDF005A689E /* MJAd.m */; };
		2D2DBA852317DBE0005A689E /* MJPerson.m in Sources */ = {isa = PBXBuildFile; fileRef = 2D2DBA772317DBDF005A689E /* MJPerson.m */; };
/* End PBXBuildFile section */

/* Begin PBXContainerItemProxy section */
		01D3949926FAC9FA00457B88 /* PBXContainerItemProxy */ = {
			isa = PBXContainerItemProxy;
			containerPortal = 2D2DB9C02317DA07005A689E /* Project object */;
			proxyType = 1;
			remoteGlobalIDString = 2D2DB9F32317DA64005A689E;
			remoteInfo = MJExtension;
		};
		01D3949C26FACEC200457B88 /* PBXContainerItemProxy */ = {
			isa = PBXContainerItemProxy;
			containerPortal = 2D2DB9C02317DA07005A689E /* Project object */;
			proxyType = 1;
			remoteGlobalIDString = 0107508B26E8C59F00AAEA10;
			remoteInfo = MJExtensionDemo;
		};
/* End PBXContainerItemProxy section */

/* Begin PBXFileReference section */
		01052EAC25F872D00049EC6F /* MultiThreadTests.swift */ = {isa = PBXFileReference; lastKnownFileType = sourcecode.swift; path = MultiThreadTests.swift; sourceTree = "<group>"; };
		0107507726E88DD400AAEA10 /* MJCoreDataTestModel.xcdatamodel */ = {isa = PBXFileReference; lastKnownFileType = wrapper.xcdatamodel; path = MJCoreDataTestModel.xcdatamodel; sourceTree = "<group>"; };
		0107507926E88EAC00AAEA10 /* MJCoreDataTester+CoreDataClass.swift */ = {isa = PBXFileReference; lastKnownFileType = sourcecode.swift; path = "MJCoreDataTester+CoreDataClass.swift"; sourceTree = "<group>"; };
		0107507D26E890C100AAEA10 /* CoreDataTests.swift */ = {isa = PBXFileReference; lastKnownFileType = sourcecode.swift; path = CoreDataTests.swift; sourceTree = "<group>"; };
		0107508C26E8C59F00AAEA10 /* MJExtensionDemo.app */ = {isa = PBXFileReference; explicitFileType = wrapper.application; includeInIndex = 0; path = MJExtensionDemo.app; sourceTree = BUILT_PRODUCTS_DIR; };
		0107508E26E8C59F00AAEA10 /* AppDelegate.swift */ = {isa = PBXFileReference; lastKnownFileType = sourcecode.swift; path = AppDelegate.swift; sourceTree = "<group>"; };
		0107509526E8C5A000AAEA10 /* Base */ = {isa = PBXFileReference; lastKnownFileType = file.storyboard; name = Base; path = Base.lproj/Main.storyboard; sourceTree = "<group>"; };
		0107509726E8C5A300AAEA10 /* Assets.xcassets */ = {isa = PBXFileReference; lastKnownFileType = folder.assetcatalog; path = Assets.xcassets; sourceTree = "<group>"; };
		0107509A26E8C5A300AAEA10 /* Base */ = {isa = PBXFileReference; lastKnownFileType = file.storyboard; name = Base; path = Base.lproj/LaunchScreen.storyboard; sourceTree = "<group>"; };
		0107509C26E8C5A300AAEA10 /* Info.plist */ = {isa = PBXFileReference; lastKnownFileType = text.plist.xml; path = Info.plist; sourceTree = "<group>"; };
		010DF01D2761D90A0007EEF0 /* SpecialPropertyTypeTests.swift */ = {isa = PBXFileReference; lastKnownFileType = sourcecode.swift; path = SpecialPropertyTypeTests.swift; sourceTree = "<group>"; };
		0130EE7E233C56D8008D2386 /* MJFrenchUser.h */ = {isa = PBXFileReference; lastKnownFileType = sourcecode.c.h; path = MJFrenchUser.h; sourceTree = "<group>"; };
		0130EE7F233C56D8008D2386 /* MJFrenchUser.m */ = {isa = PBXFileReference; lastKnownFileType = sourcecode.c.objc; path = MJFrenchUser.m; sourceTree = "<group>"; };
		0130F2022782DFA300800FF3 /* MJExtension_Private.h */ = {isa = PBXFileReference; lastKnownFileType = sourcecode.c.h; path = MJExtension_Private.h; sourceTree = "<group>"; };
		0130F20F2784441E00800FF3 /* MJCoreDataTester+CoreDataProperties.swift */ = {isa = PBXFileReference; lastKnownFileType = sourcecode.swift; path = "MJCoreDataTester+CoreDataProperties.swift"; sourceTree = "<group>"; };
		0179886A24EFA460007F7FBC /* MJExtensionTests-Bridging-Header.h */ = {isa = PBXFileReference; lastKnownFileType = sourcecode.c.h; path = "MJExtensionTests-Bridging-Header.h"; sourceTree = "<group>"; };
		0179886B24EFA460007F7FBC /* MJTester.swift */ = {isa = PBXFileReference; lastKnownFileType = sourcecode.swift; path = MJTester.swift; sourceTree = "<group>"; };
		0179886F24EFA58B007F7FBC /* SwiftModelTests.swift */ = {isa = PBXFileReference; lastKnownFileType = sourcecode.swift; path = SwiftModelTests.swift; sourceTree = "<group>"; };
		018717B32787E6CB0024B7F9 /* MJCoreDataPerson+CoreDataClass.swift */ = {isa = PBXFileReference; lastKnownFileType = sourcecode.swift; path = "MJCoreDataPerson+CoreDataClass.swift"; sourceTree = "<group>"; };
		018717B42787E6CC0024B7F9 /* MJCoreDataPerson+CoreDataProperties.swift */ = {isa = PBXFileReference; lastKnownFileType = sourcecode.swift; path = "MJCoreDataPerson+CoreDataProperties.swift"; sourceTree = "<group>"; };
		018717C12788552B0024B7F9 /* MJCDTesterInverseSelf+CoreDataClass.swift */ = {isa = PBXFileReference; lastKnownFileType = sourcecode.swift; path = "MJCDTesterInverseSelf+CoreDataClass.swift"; sourceTree = "<group>"; };
		018717C22788552C0024B7F9 /* MJCDTesterInverseSelf+CoreDataProperties.swift */ = {isa = PBXFileReference; lastKnownFileType = sourcecode.swift; path = "MJCDTesterInverseSelf+CoreDataProperties.swift"; sourceTree = "<group>"; };
		01B05642278BD9970034C4BD /* MJCDTesterMany2Many+CoreDataClass.swift */ = {isa = PBXFileReference; lastKnownFileType = sourcecode.swift; path = "MJCDTesterMany2Many+CoreDataClass.swift"; sourceTree = "<group>"; };
		01B05643278BD9970034C4BD /* MJCDTesterMany2Many+CoreDataProperties.swift */ = {isa = PBXFileReference; lastKnownFileType = sourcecode.swift; path = "MJCDTesterMany2Many+CoreDataProperties.swift"; sourceTree = "<group>"; };
		01BB00FC277EC1FF002EF5B3 /* DeprecatedAPITests.swift */ = {isa = PBXFileReference; lastKnownFileType = sourcecode.swift; path = DeprecatedAPITests.swift; sourceTree = "<group>"; };
		01BB00FE277EE8DB002EF5B3 /* NSDate+MJExtension.h */ = {isa = PBXFileReference; lastKnownFileType = sourcecode.c.h; path = "NSDate+MJExtension.h"; sourceTree = "<group>"; };
		01BB00FF277EE8DB002EF5B3 /* NSDate+MJExtension.m */ = {isa = PBXFileReference; lastKnownFileType = sourcecode.c.objc; path = "NSDate+MJExtension.m"; sourceTree = "<group>"; };
		01BC91E1277418DF004E5265 /* ValueTransformingTests.swift */ = {isa = PBXFileReference; lastKnownFileType = sourcecode.swift; path = ValueTransformingTests.swift; sourceTree = "<group>"; };
		01BC91E327741956004E5265 /* MJCredential.swift */ = {isa = PBXFileReference; lastKnownFileType = sourcecode.swift; path = MJCredential.swift; sourceTree = "<group>"; };
		01BC91E527741D8C004E5265 /* MJArticle.swift */ = {isa = PBXFileReference; lastKnownFileType = sourcecode.swift; path = MJArticle.swift; sourceTree = "<group>"; };
		01BC920B27747C05004E5265 /* Benchmark.swift */ = {isa = PBXFileReference; fileEncoding = 4; lastKnownFileType = sourcecode.swift; path = Benchmark.swift; sourceTree = "<group>"; };
		01BC923C2775AEDF004E5265 /* TestAllConversionCorrectness.xctestplan */ = {isa = PBXFileReference; lastKnownFileType = text; path = TestAllConversionCorrectness.xctestplan; sourceTree = "<group>"; };
		01BC923D2775B047004E5265 /* MJExtension.xctestplan */ = {isa = PBXFileReference; lastKnownFileType = text; path = MJExtension.xctestplan; sourceTree = "<group>"; };
		01F28185248F64ED008775BA /* MJCat.h */ = {isa = PBXFileReference; lastKnownFileType = sourcecode.c.h; path = MJCat.h; sourceTree = "<group>"; };
		01F28186248F64ED008775BA /* MJCat.m */ = {isa = PBXFileReference; lastKnownFileType = sourcecode.c.objc; path = MJCat.m; sourceTree = "<group>"; };
		01F5515C2757144500518218 /* MJEClass.h */ = {isa = PBXFileReference; lastKnownFileType = sourcecode.c.h; path = MJEClass.h; sourceTree = "<group>"; };
		01F5515D2757144500518218 /* MJEClass.m */ = {isa = PBXFileReference; lastKnownFileType = sourcecode.c.objc; path = MJEClass.m; sourceTree = "<group>"; };
		01F55160275758C900518218 /* MJExtensionProtocols.h */ = {isa = PBXFileReference; lastKnownFileType = sourcecode.c.h; path = MJExtensionProtocols.h; sourceTree = "<group>"; };
		01F551622758C74F00518218 /* NSObject+MJExtensionExample.h */ = {isa = PBXFileReference; lastKnownFileType = sourcecode.c.h; path = "NSObject+MJExtensionExample.h"; sourceTree = "<group>"; };
		01F551632758C74F00518218 /* NSObject+MJExtensionExample.m */ = {isa = PBXFileReference; lastKnownFileType = sourcecode.c.objc; path = "NSObject+MJExtensionExample.m"; sourceTree = "<group>"; };
		2D2DB9F42317DA64005A689E /* MJExtension.framework */ = {isa = PBXFileReference; explicitFileType = wrapper.framework; includeInIndex = 0; path = MJExtension.framework; sourceTree = BUILT_PRODUCTS_DIR; };
		2D2DB9F62317DA64005A689E /* MJExtension.h */ = {isa = PBXFileReference; lastKnownFileType = sourcecode.c.h; path = MJExtension.h; sourceTree = "<group>"; };
		2D2DB9F72317DA64005A689E /* Info.plist */ = {isa = PBXFileReference; lastKnownFileType = text.plist.xml; path = Info.plist; sourceTree = "<group>"; };
		2D2DBA032317DB32005A689E /* NSObject+MJCoding.m */ = {isa = PBXFileReference; fileEncoding = 4; lastKnownFileType = sourcecode.c.objc; path = "NSObject+MJCoding.m"; sourceTree = "<group>"; };
		2D2DBA042317DB32005A689E /* MJProperty.m */ = {isa = PBXFileReference; fileEncoding = 4; lastKnownFileType = sourcecode.c.objc; path = MJProperty.m; sourceTree = "<group>"; };
		2D2DBA052317DB32005A689E /* MJPropertyKey.m */ = {isa = PBXFileReference; fileEncoding = 4; lastKnownFileType = sourcecode.c.objc; path = MJPropertyKey.m; sourceTree = "<group>"; };
		2D2DBA062317DB32005A689E /* NSObject+MJKeyValue.m */ = {isa = PBXFileReference; fileEncoding = 4; lastKnownFileType = sourcecode.c.objc; path = "NSObject+MJKeyValue.m"; sourceTree = "<group>"; };
		2D2DBA082317DB32005A689E /* MJExtensionPredefine.h */ = {isa = PBXFileReference; fileEncoding = 4; lastKnownFileType = sourcecode.c.h; path = MJExtensionPredefine.h; sourceTree = "<group>"; };
		2D2DBA0B2317DB32005A689E /* NSString+MJExtension.mm */ = {isa = PBXFileReference; fileEncoding = 4; lastKnownFileType = sourcecode.cpp.objcpp; path = "NSString+MJExtension.mm"; sourceTree = "<group>"; };
		2D2DBA0D2317DB32005A689E /* NSObject+MJCoding.h */ = {isa = PBXFileReference; fileEncoding = 4; lastKnownFileType = sourcecode.c.h; path = "NSObject+MJCoding.h"; sourceTree = "<group>"; };
		2D2DBA112317DB32005A689E /* MJPropertyKey.h */ = {isa = PBXFileReference; fileEncoding = 4; lastKnownFileType = sourcecode.c.h; path = MJPropertyKey.h; sourceTree = "<group>"; };
		2D2DBA122317DB32005A689E /* MJProperty.h */ = {isa = PBXFileReference; fileEncoding = 4; lastKnownFileType = sourcecode.c.h; path = MJProperty.h; sourceTree = "<group>"; };
		2D2DBA132317DB33005A689E /* NSObject+MJKeyValue.h */ = {isa = PBXFileReference; fileEncoding = 4; lastKnownFileType = sourcecode.c.h; path = "NSObject+MJKeyValue.h"; sourceTree = "<group>"; };
		2D2DBA142317DB33005A689E /* NSString+MJExtension.h */ = {isa = PBXFileReference; fileEncoding = 4; lastKnownFileType = sourcecode.c.h; path = "NSString+MJExtension.h"; sourceTree = "<group>"; };
		2D2DBA552317DBB9005A689E /* MJExtensionTests.xctest */ = {isa = PBXFileReference; explicitFileType = wrapper.cfbundle; includeInIndex = 0; path = MJExtensionTests.xctest; sourceTree = BUILT_PRODUCTS_DIR; };
		2D2DBA572317DBB9005A689E /* MJExtensionTests.m */ = {isa = PBXFileReference; lastKnownFileType = sourcecode.c.objc; path = MJExtensionTests.m; sourceTree = "<group>"; };
		2D2DBA592317DBB9005A689E /* Info.plist */ = {isa = PBXFileReference; lastKnownFileType = text.plist.xml; path = Info.plist; sourceTree = "<group>"; };
		2D2DBA602317DBDF005A689E /* MJDog.m */ = {isa = PBXFileReference; fileEncoding = 4; lastKnownFileType = sourcecode.c.objc; path = MJDog.m; sourceTree = "<group>"; };
		2D2DBA612317DBDF005A689E /* MJBaseObject.h */ = {isa = PBXFileReference; fileEncoding = 4; lastKnownFileType = sourcecode.c.h; path = MJBaseObject.h; sourceTree = "<group>"; };
		2D2DBA622317DBDF005A689E /* MJStatus.h */ = {isa = PBXFileReference; fileEncoding = 4; lastKnownFileType = sourcecode.c.h; path = MJStatus.h; sourceTree = "<group>"; };
		2D2DBA632317DBDF005A689E /* MJAd.h */ = {isa = PBXFileReference; fileEncoding = 4; lastKnownFileType = sourcecode.c.h; path = MJAd.h; sourceTree = "<group>"; };
		2D2DBA642317DBDF005A689E /* MJStatusResult.h */ = {isa = PBXFileReference; fileEncoding = 4; lastKnownFileType = sourcecode.c.h; path = MJStatusResult.h; sourceTree = "<group>"; };
		2D2DBA652317DBDF005A689E /* MJBox.m */ = {isa = PBXFileReference; fileEncoding = 4; lastKnownFileType = sourcecode.c.objc; path = MJBox.m; sourceTree = "<group>"; };
		2D2DBA662317DBDF005A689E /* MJStudent.m */ = {isa = PBXFileReference; fileEncoding = 4; lastKnownFileType = sourcecode.c.objc; path = MJStudent.m; sourceTree = "<group>"; };
		2D2DBA672317DBDF005A689E /* MJUser.h */ = {isa = PBXFileReference; fileEncoding = 4; lastKnownFileType = sourcecode.c.h; path = MJUser.h; sourceTree = "<group>"; };
		2D2DBA682317DBDF005A689E /* MJPerson.h */ = {isa = PBXFileReference; fileEncoding = 4; lastKnownFileType = sourcecode.c.h; path = MJPerson.h; sourceTree = "<group>"; };
		2D2DBA692317DBDF005A689E /* MJBook.m */ = {isa = PBXFileReference; fileEncoding = 4; lastKnownFileType = sourcecode.c.objc; path = MJBook.m; sourceTree = "<group>"; };
		2D2DBA6A2317DBDF005A689E /* MJBag.m */ = {isa = PBXFileReference; fileEncoding = 4; lastKnownFileType = sourcecode.c.objc; path = MJBag.m; sourceTree = "<group>"; };
		2D2DBA6C2317DBDF005A689E /* MJBaseObject.m */ = {isa = PBXFileReference; fileEncoding = 4; lastKnownFileType = sourcecode.c.objc; path = MJBaseObject.m; sourceTree = "<group>"; };
		2D2DBA6D2317DBDF005A689E /* MJDog.h */ = {isa = PBXFileReference; fileEncoding = 4; lastKnownFileType = sourcecode.c.h; path = MJDog.h; sourceTree = "<group>"; };
		2D2DBA6E2317DBDF005A689E /* MJUser.m */ = {isa = PBXFileReference; fileEncoding = 4; lastKnownFileType = sourcecode.c.objc; path = MJUser.m; sourceTree = "<group>"; };
		2D2DBA6F2317DBDF005A689E /* MJStudent.h */ = {isa = PBXFileReference; fileEncoding = 4; lastKnownFileType = sourcecode.c.h; path = MJStudent.h; sourceTree = "<group>"; };
		2D2DBA702317DBDF005A689E /* MJBox.h */ = {isa = PBXFileReference; fileEncoding = 4; lastKnownFileType = sourcecode.c.h; path = MJBox.h; sourceTree = "<group>"; };
		2D2DBA712317DBDF005A689E /* MJStatusResult.m */ = {isa = PBXFileReference; fileEncoding = 4; lastKnownFileType = sourcecode.c.objc; path = MJStatusResult.m; sourceTree = "<group>"; };
		2D2DBA722317DBDF005A689E /* MJStatus.m */ = {isa = PBXFileReference; fileEncoding = 4; lastKnownFileType = sourcecode.c.objc; path = MJStatus.m; sourceTree = "<group>"; };
		2D2DBA732317DBDF005A689E /* MJAd.m */ = {isa = PBXFileReference; fileEncoding = 4; lastKnownFileType = sourcecode.c.objc; path = MJAd.m; sourceTree = "<group>"; };
		2D2DBA742317DBDF005A689E /* MJBag.h */ = {isa = PBXFileReference; fileEncoding = 4; lastKnownFileType = sourcecode.c.h; path = MJBag.h; sourceTree = "<group>"; };
		2D2DBA762317DBDF005A689E /* MJBook.h */ = {isa = PBXFileReference; fileEncoding = 4; lastKnownFileType = sourcecode.c.h; path = MJBook.h; sourceTree = "<group>"; };
		2D2DBA772317DBDF005A689E /* MJPerson.m */ = {isa = PBXFileReference; fileEncoding = 4; lastKnownFileType = sourcecode.c.objc; path = MJPerson.m; sourceTree = "<group>"; };
		2D2DBA872317DCCF005A689E /* PrefixHeader.pch */ = {isa = PBXFileReference; lastKnownFileType = sourcecode.c.h; path = PrefixHeader.pch; sourceTree = "<group>"; };
/* End PBXFileReference section */

/* Begin PBXFrameworksBuildPhase section */
		0107508926E8C59F00AAEA10 /* Frameworks */ = {
			isa = PBXFrameworksBuildPhase;
			buildActionMask = 2147483647;
			files = (
			);
			runOnlyForDeploymentPostprocessing = 0;
		};
		2D2DB9F12317DA64005A689E /* Frameworks */ = {
			isa = PBXFrameworksBuildPhase;
			buildActionMask = 2147483647;
			files = (
			);
			runOnlyForDeploymentPostprocessing = 0;
		};
		2D2DBA522317DBB9005A689E /* Frameworks */ = {
			isa = PBXFrameworksBuildPhase;
			buildActionMask = 2147483647;
			files = (
				0107508726E8C2DB00AAEA10 /* MJExtension.framework in Frameworks */,
			);
			runOnlyForDeploymentPostprocessing = 0;
		};
/* End PBXFrameworksBuildPhase section */

/* Begin PBXGroup section */
		0107507526E88DA600AAEA10 /* CoreDataModel */ = {
			isa = PBXGroup;
			children = (
				0107507626E88DD400AAEA10 /* MJCoreDataTestModel.xcdatamodeld */,
				0107507926E88EAC00AAEA10 /* MJCoreDataTester+CoreDataClass.swift */,
				0130F20F2784441E00800FF3 /* MJCoreDataTester+CoreDataProperties.swift */,
				018717B32787E6CB0024B7F9 /* MJCoreDataPerson+CoreDataClass.swift */,
				018717B42787E6CC0024B7F9 /* MJCoreDataPerson+CoreDataProperties.swift */,
				018717C12788552B0024B7F9 /* MJCDTesterInverseSelf+CoreDataClass.swift */,
				018717C22788552C0024B7F9 /* MJCDTesterInverseSelf+CoreDataProperties.swift */,
				01B05642278BD9970034C4BD /* MJCDTesterMany2Many+CoreDataClass.swift */,
				01B05643278BD9970034C4BD /* MJCDTesterMany2Many+CoreDataProperties.swift */,
			);
			path = CoreDataModel;
			sourceTree = "<group>";
		};
		0107508626E8C2DB00AAEA10 /* Frameworks */ = {
			isa = PBXGroup;
			children = (
			);
			name = Frameworks;
			sourceTree = "<group>";
		};
		0107508D26E8C59F00AAEA10 /* MJExtensionDemo */ = {
			isa = PBXGroup;
			children = (
				0107508E26E8C59F00AAEA10 /* AppDelegate.swift */,
				0107509426E8C5A000AAEA10 /* Main.storyboard */,
				0107509726E8C5A300AAEA10 /* Assets.xcassets */,
				0107509926E8C5A300AAEA10 /* LaunchScreen.storyboard */,
				0107509C26E8C5A300AAEA10 /* Info.plist */,
			);
			path = MJExtensionDemo;
			sourceTree = "<group>";
		};
		0179886924EFA422007F7FBC /* SwiftModel */ = {
			isa = PBXGroup;
			children = (
				0179886B24EFA460007F7FBC /* MJTester.swift */,
				01BC91E327741956004E5265 /* MJCredential.swift */,
				01BC91E527741D8C004E5265 /* MJArticle.swift */,
			);
			path = SwiftModel;
			sourceTree = "<group>";
		};
		01BC923E2775B11F004E5265 /* Plans */ = {
			isa = PBXGroup;
			children = (
				01BC923C2775AEDF004E5265 /* TestAllConversionCorrectness.xctestplan */,
				01BC923D2775B047004E5265 /* MJExtension.xctestplan */,
			);
			path = Plans;
			sourceTree = "<group>";
		};
		2D2DB9BF2317DA07005A689E = {
			isa = PBXGroup;
			children = (
				2D2DB9F52317DA64005A689E /* MJExtension */,
				2D2DBA562317DBB9005A689E /* MJExtensionTests */,
				0107508D26E8C59F00AAEA10 /* MJExtensionDemo */,
				2D2DB9C92317DA07005A689E /* Products */,
				0107508626E8C2DB00AAEA10 /* Frameworks */,
			);
			sourceTree = "<group>";
		};
		2D2DB9C92317DA07005A689E /* Products */ = {
			isa = PBXGroup;
			children = (
				2D2DB9F42317DA64005A689E /* MJExtension.framework */,
				2D2DBA552317DBB9005A689E /* MJExtensionTests.xctest */,
				0107508C26E8C59F00AAEA10 /* MJExtensionDemo.app */,
			);
			name = Products;
			sourceTree = "<group>";
		};
		2D2DB9F52317DA64005A689E /* MJExtension */ = {
			isa = PBXGroup;
			children = (
				2D2DBA082317DB32005A689E /* MJExtensionPredefine.h */,
				2D2DBA122317DB32005A689E /* MJProperty.h */,
				2D2DBA042317DB32005A689E /* MJProperty.m */,
				01F5515C2757144500518218 /* MJEClass.h */,
				01F5515D2757144500518218 /* MJEClass.m */,
				01F55160275758C900518218 /* MJExtensionProtocols.h */,
				2D2DBA112317DB32005A689E /* MJPropertyKey.h */,
				2D2DBA052317DB32005A689E /* MJPropertyKey.m */,
				2D2DBA0D2317DB32005A689E /* NSObject+MJCoding.h */,
				2D2DBA032317DB32005A689E /* NSObject+MJCoding.m */,
				2D2DBA132317DB33005A689E /* NSObject+MJKeyValue.h */,
				2D2DBA062317DB32005A689E /* NSObject+MJKeyValue.m */,
				2D2DBA142317DB33005A689E /* NSString+MJExtension.h */,
				2D2DBA0B2317DB32005A689E /* NSString+MJExtension.mm */,
				0130F2022782DFA300800FF3 /* MJExtension_Private.h */,
				01BB00FE277EE8DB002EF5B3 /* NSDate+MJExtension.h */,
				01BB00FF277EE8DB002EF5B3 /* NSDate+MJExtension.m */,
				2D2DB9F62317DA64005A689E /* MJExtension.h */,
				2D2DB9F72317DA64005A689E /* Info.plist */,
			);
			path = MJExtension;
			sourceTree = "<group>";
		};
		2D2DBA562317DBB9005A689E /* MJExtensionTests */ = {
			isa = PBXGroup;
			children = (
				01BC923E2775B11F004E5265 /* Plans */,
				0179886A24EFA460007F7FBC /* MJExtensionTests-Bridging-Header.h */,
				0179886924EFA422007F7FBC /* SwiftModel */,
				0107507526E88DA600AAEA10 /* CoreDataModel */,
				2D2DBA5F2317DBDF005A689E /* Model */,
				2D2DBA572317DBB9005A689E /* MJExtensionTests.m */,
				01BC91E1277418DF004E5265 /* ValueTransformingTests.swift */,
				010DF01D2761D90A0007EEF0 /* SpecialPropertyTypeTests.swift */,
				0179886F24EFA58B007F7FBC /* SwiftModelTests.swift */,
				01052EAC25F872D00049EC6F /* MultiThreadTests.swift */,
				0107507D26E890C100AAEA10 /* CoreDataTests.swift */,
				01BB00FC277EC1FF002EF5B3 /* DeprecatedAPITests.swift */,
				01BC920B27747C05004E5265 /* Benchmark.swift */,
				2D2DBA592317DBB9005A689E /* Info.plist */,
				2D2DBA872317DCCF005A689E /* PrefixHeader.pch */,
			);
			path = MJExtensionTests;
			sourceTree = "<group>";
		};
		2D2DBA5F2317DBDF005A689E /* Model */ = {
			isa = PBXGroup;
			children = (
				2D2DBA632317DBDF005A689E /* MJAd.h */,
				2D2DBA732317DBDF005A689E /* MJAd.m */,
				2D2DBA742317DBDF005A689E /* MJBag.h */,
				2D2DBA6A2317DBDF005A689E /* MJBag.m */,
				2D2DBA612317DBDF005A689E /* MJBaseObject.h */,
				2D2DBA6C2317DBDF005A689E /* MJBaseObject.m */,
				2D2DBA762317DBDF005A689E /* MJBook.h */,
				2D2DBA692317DBDF005A689E /* MJBook.m */,
				2D2DBA702317DBDF005A689E /* MJBox.h */,
				2D2DBA652317DBDF005A689E /* MJBox.m */,
				01F28185248F64ED008775BA /* MJCat.h */,
				01F28186248F64ED008775BA /* MJCat.m */,
				2D2DBA6D2317DBDF005A689E /* MJDog.h */,
				2D2DBA602317DBDF005A689E /* MJDog.m */,
				01F551622758C74F00518218 /* NSObject+MJExtensionExample.h */,
				01F551632758C74F00518218 /* NSObject+MJExtensionExample.m */,
				2D2DBA682317DBDF005A689E /* MJPerson.h */,
				2D2DBA772317DBDF005A689E /* MJPerson.m */,
				2D2DBA622317DBDF005A689E /* MJStatus.h */,
				2D2DBA722317DBDF005A689E /* MJStatus.m */,
				2D2DBA642317DBDF005A689E /* MJStatusResult.h */,
				2D2DBA712317DBDF005A689E /* MJStatusResult.m */,
				2D2DBA6F2317DBDF005A689E /* MJStudent.h */,
				2D2DBA662317DBDF005A689E /* MJStudent.m */,
				2D2DBA672317DBDF005A689E /* MJUser.h */,
				2D2DBA6E2317DBDF005A689E /* MJUser.m */,
				0130EE7E233C56D8008D2386 /* MJFrenchUser.h */,
				0130EE7F233C56D8008D2386 /* MJFrenchUser.m */,
			);
			path = Model;
			sourceTree = "<group>";
		};
/* End PBXGroup section */

/* Begin PBXHeadersBuildPhase section */
		2D2DB9EF2317DA64005A689E /* Headers */ = {
			isa = PBXHeadersBuildPhase;
			buildActionMask = 2147483647;
			files = (
				2D2DBA272317DB33005A689E /* NSObject+MJKeyValue.h in Headers */,
				2D2DBA282317DB33005A689E /* NSString+MJExtension.h in Headers */,
				2D2DBA212317DB33005A689E /* NSObject+MJCoding.h in Headers */,
				2D2DBA1C2317DB33005A689E /* MJExtensionPredefine.h in Headers */,
				01F55161275758C900518218 /* MJExtensionProtocols.h in Headers */,
				2D2DBA262317DB33005A689E /* MJProperty.h in Headers */,
				2D2DBA252317DB33005A689E /* MJPropertyKey.h in Headers */,
				01F5515E2757144500518218 /* MJEClass.h in Headers */,
				01BB0100277EE8DC002EF5B3 /* NSDate+MJExtension.h in Headers */,
				2D2DB9F82317DA64005A689E /* MJExtension.h in Headers */,
				0130F2032782DFD200800FF3 /* MJExtension_Private.h in Headers */,
			);
			runOnlyForDeploymentPostprocessing = 0;
		};
/* End PBXHeadersBuildPhase section */

/* Begin PBXNativeTarget section */
		0107508B26E8C59F00AAEA10 /* MJExtensionDemo */ = {
			isa = PBXNativeTarget;
			buildConfigurationList = 0107509D26E8C5A300AAEA10 /* Build configuration list for PBXNativeTarget "MJExtensionDemo" */;
			buildPhases = (
				0107508826E8C59F00AAEA10 /* Sources */,
				0107508926E8C59F00AAEA10 /* Frameworks */,
				0107508A26E8C59F00AAEA10 /* Resources */,
				01D3951A26FC146100457B88 /* ShellScript */,
			);
			buildRules = (
			);
			dependencies = (
			);
			name = MJExtensionDemo;
			productName = MJExtensionDemo;
			productReference = 0107508C26E8C59F00AAEA10 /* MJExtensionDemo.app */;
			productType = "com.apple.product-type.application";
		};
		2D2DB9F32317DA64005A689E /* MJExtension */ = {
			isa = PBXNativeTarget;
			buildConfigurationList = 2D2DB9FD2317DA64005A689E /* Build configuration list for PBXNativeTarget "MJExtension" */;
			buildPhases = (
				2D2DB9EF2317DA64005A689E /* Headers */,
				2D2DB9F02317DA64005A689E /* Sources */,
				2D2DB9F12317DA64005A689E /* Frameworks */,
				2D2DB9F22317DA64005A689E /* Resources */,
			);
			buildRules = (
			);
			dependencies = (
			);
			name = MJExtension;
			productName = MJExtension;
			productReference = 2D2DB9F42317DA64005A689E /* MJExtension.framework */;
			productType = "com.apple.product-type.framework";
		};
		2D2DBA542317DBB9005A689E /* MJExtensionTests */ = {
			isa = PBXNativeTarget;
			buildConfigurationList = 2D2DBA5C2317DBB9005A689E /* Build configuration list for PBXNativeTarget "MJExtensionTests" */;
			buildPhases = (
				2D2DBA512317DBB9005A689E /* Sources */,
				2D2DBA522317DBB9005A689E /* Frameworks */,
				2D2DBA532317DBB9005A689E /* Resources */,
				01D3951926FC141A00457B88 /* ShellScript */,
			);
			buildRules = (
			);
			dependencies = (
				01D3949A26FAC9FA00457B88 /* PBXTargetDependency */,
				01D3949D26FACEC200457B88 /* PBXTargetDependency */,
			);
			name = MJExtensionTests;
			productName = MJExtensionTests;
			productReference = 2D2DBA552317DBB9005A689E /* MJExtensionTests.xctest */;
			productType = "com.apple.product-type.bundle.unit-test";
		};
/* End PBXNativeTarget section */

/* Begin PBXProject section */
		2D2DB9C02317DA07005A689E /* Project object */ = {
			isa = PBXProject;
			attributes = {
				LastSwiftUpdateCheck = 1300;
				LastUpgradeCheck = 1030;
				ORGANIZATIONNAME = "MJ Lee";
				TargetAttributes = {
					0107508B26E8C59F00AAEA10 = {
						CreatedOnToolsVersion = 13.0;
					};
					2D2DB9F32317DA64005A689E = {
						CreatedOnToolsVersion = 10.3;
						LastSwiftMigration = 1320;
					};
					2D2DBA542317DBB9005A689E = {
						CreatedOnToolsVersion = 10.3;
						LastSwiftMigration = 1200;
						TestTargetID = 0107508B26E8C59F00AAEA10;
					};
				};
			};
			buildConfigurationList = 2D2DB9C32317DA07005A689E /* Build configuration list for PBXProject "MJExtension" */;
			compatibilityVersion = "Xcode 9.3";
			developmentRegion = en;
			hasScannedForEncodings = 0;
			knownRegions = (
				en,
				Base,
			);
			mainGroup = 2D2DB9BF2317DA07005A689E;
			productRefGroup = 2D2DB9C92317DA07005A689E /* Products */;
			projectDirPath = "";
			projectRoot = "";
			targets = (
				2D2DB9F32317DA64005A689E /* MJExtension */,
				2D2DBA542317DBB9005A689E /* MJExtensionTests */,
				0107508B26E8C59F00AAEA10 /* MJExtensionDemo */,
			);
		};
/* End PBXProject section */

/* Begin PBXResourcesBuildPhase section */
		0107508A26E8C59F00AAEA10 /* Resources */ = {
			isa = PBXResourcesBuildPhase;
			buildActionMask = 2147483647;
			files = (
				0107509B26E8C5A300AAEA10 /* LaunchScreen.storyboard in Resources */,
				0107509826E8C5A300AAEA10 /* Assets.xcassets in Resources */,
				0107509626E8C5A000AAEA10 /* Main.storyboard in Resources */,
			);
			runOnlyForDeploymentPostprocessing = 0;
		};
		2D2DB9F22317DA64005A689E /* Resources */ = {
			isa = PBXResourcesBuildPhase;
			buildActionMask = 2147483647;
			files = (
			);
			runOnlyForDeploymentPostprocessing = 0;
		};
		2D2DBA532317DBB9005A689E /* Resources */ = {
			isa = PBXResourcesBuildPhase;
			buildActionMask = 2147483647;
			files = (
			);
			runOnlyForDeploymentPostprocessing = 0;
		};
/* End PBXResourcesBuildPhase section */

/* Begin PBXShellScriptBuildPhase section */
		01D3951926FC141A00457B88 /* ShellScript */ = {
			isa = PBXShellScriptBuildPhase;
			buildActionMask = 2147483647;
			files = (
			);
			inputFileListPaths = (
			);
			inputPaths = (
			);
			outputFileListPaths = (
			);
			outputPaths = (
			);
			runOnlyForDeploymentPostprocessing = 0;
			shellPath = /bin/sh;
			shellScript = "TAGS=\"TODO:|FIXME:\"\necho \"searching ${SRCROOT} for ${TAGS}\"\nfind \"${SRCROOT}\" \\( -name \"*.h\" -or -name \"*.m\" \\) -print0 | xargs -0 egrep --with-filename --line-number --only-matching \"($TAGS).*\\$\" | perl -p -e \"s/($TAGS)/ warning: \\$1/\"\n";
		};
		01D3951A26FC146100457B88 /* ShellScript */ = {
			isa = PBXShellScriptBuildPhase;
			buildActionMask = 2147483647;
			files = (
			);
			inputFileListPaths = (
			);
			inputPaths = (
			);
			outputFileListPaths = (
			);
			outputPaths = (
			);
			runOnlyForDeploymentPostprocessing = 0;
			shellPath = /bin/sh;
			shellScript = "TAGS=\"TODO:|FIXME:\"\necho \"searching ${SRCROOT} for ${TAGS}\"\nfind \"${SRCROOT}\" \\( -name \"*.h\" -or -name \"*.m\" \\) -print0 | xargs -0 egrep --with-filename --line-number --only-matching \"($TAGS).*\\$\" | perl -p -e \"s/($TAGS)/ warning: \\$1/\"\n";
		};
/* End PBXShellScriptBuildPhase section */

/* Begin PBXSourcesBuildPhase section */
		0107508826E8C59F00AAEA10 /* Sources */ = {
			isa = PBXSourcesBuildPhase;
			buildActionMask = 2147483647;
			files = (
				01D3949B26FACE7D00457B88 /* MJCoreDataTestModel.xcdatamodeld in Sources */,
				0107508F26E8C59F00AAEA10 /* AppDelegate.swift in Sources */,
			);
			runOnlyForDeploymentPostprocessing = 0;
		};
		2D2DB9F02317DA64005A689E /* Sources */ = {
			isa = PBXSourcesBuildPhase;
			buildActionMask = 2147483647;
			files = (
				2D2DBA172317DB33005A689E /* NSObject+MJCoding.m in Sources */,
				01F5515F2757144500518218 /* MJEClass.m in Sources */,
				2D2DBA182317DB33005A689E /* MJProperty.m in Sources */,
				2D2DBA1F2317DB33005A689E /* NSString+MJExtension.mm in Sources */,
				2D2DBA1A2317DB33005A689E /* NSObject+MJKeyValue.m in Sources */,
				2D2DBA192317DB33005A689E /* MJPropertyKey.m in Sources */,
				01BB0101277EE8DC002EF5B3 /* NSDate+MJExtension.m in Sources */,
			);
			runOnlyForDeploymentPostprocessing = 0;
		};
		2D2DBA512317DBB9005A689E /* Sources */ = {
			isa = PBXSourcesBuildPhase;
			buildActionMask = 2147483647;
			files = (
				2D2DBA812317DBE0005A689E /* MJStatusResult.m in Sources */,
				018717C32788552C0024B7F9 /* MJCDTesterInverseSelf+CoreDataClass.swift in Sources */,
				01BC91E627741D8C004E5265 /* MJArticle.swift in Sources */,
				018717C42788552C0024B7F9 /* MJCDTesterInverseSelf+CoreDataProperties.swift in Sources */,
				2D2DBA7C2317DBE0005A689E /* MJStudent.m in Sources */,
				2D2DBA822317DBE0005A689E /* MJStatus.m in Sources */,
				0130F2122784442200800FF3 /* MJCoreDataTester+CoreDataProperties.swift in Sources */,
				01B05645278BD9970034C4BD /* MJCDTesterMany2Many+CoreDataProperties.swift in Sources */,
				2D2DBA832317DBE0005A689E /* MJAd.m in Sources */,
				0107507B26E88EAC00AAEA10 /* MJCoreDataTester+CoreDataClass.swift in Sources */,
				2D2DBA802317DBE0005A689E /* MJUser.m in Sources */,
				0179887024EFA58B007F7FBC /* SwiftModelTests.swift in Sources */,
				0130EE80233C56D8008D2386 /* MJFrenchUser.m in Sources */,
				01F28187248F64ED008775BA /* MJCat.m in Sources */,
				0179886C24EFA460007F7FBC /* MJTester.swift in Sources */,
				01F551642758C74F00518218 /* NSObject+MJExtensionExample.m in Sources */,
				2D2DBA852317DBE0005A689E /* MJPerson.m in Sources */,
				01BC921327747C06004E5265 /* Benchmark.swift in Sources */,
				01BC91E2277418DF004E5265 /* ValueTransformingTests.swift in Sources */,
				2D2DBA7B2317DBE0005A689E /* MJBox.m in Sources */,
				2D2DBA582317DBB9005A689E /* MJExtensionTests.m in Sources */,
				010DF01E2761D90A0007EEF0 /* SpecialPropertyTypeTests.swift in Sources */,
				2D2DBA7E2317DBE0005A689E /* MJBag.m in Sources */,
				2D2DBA7F2317DBE0005A689E /* MJBaseObject.m in Sources */,
				01B05644278BD9970034C4BD /* MJCDTesterMany2Many+CoreDataClass.swift in Sources */,
				01BB00FD277EC1FF002EF5B3 /* DeprecatedAPITests.swift in Sources */,
				2D2DBA7D2317DBE0005A689E /* MJBook.m in Sources */,
				0107507E26E890C100AAEA10 /* CoreDataTests.swift in Sources */,
				018717B52787E6CC0024B7F9 /* MJCoreDataPerson+CoreDataClass.swift in Sources */,
				0107507826E88DD400AAEA10 /* MJCoreDataTestModel.xcdatamodeld in Sources */,
				018717B62787E6CC0024B7F9 /* MJCoreDataPerson+CoreDataProperties.swift in Sources */,
				2D2DBA7A2317DBE0005A689E /* MJDog.m in Sources */,
				01052EAD25F872D00049EC6F /* MultiThreadTests.swift in Sources */,
				01BC91E427741956004E5265 /* MJCredential.swift in Sources */,
			);
			runOnlyForDeploymentPostprocessing = 0;
		};
/* End PBXSourcesBuildPhase section */

/* Begin PBXTargetDependency section */
		01D3949A26FAC9FA00457B88 /* PBXTargetDependency */ = {
			isa = PBXTargetDependency;
			target = 2D2DB9F32317DA64005A689E /* MJExtension */;
			targetProxy = 01D3949926FAC9FA00457B88 /* PBXContainerItemProxy */;
		};
		01D3949D26FACEC200457B88 /* PBXTargetDependency */ = {
			isa = PBXTargetDependency;
			target = 0107508B26E8C59F00AAEA10 /* MJExtensionDemo */;
			targetProxy = 01D3949C26FACEC200457B88 /* PBXContainerItemProxy */;
		};
/* End PBXTargetDependency section */

/* Begin PBXVariantGroup section */
		0107509426E8C5A000AAEA10 /* Main.storyboard */ = {
			isa = PBXVariantGroup;
			children = (
				0107509526E8C5A000AAEA10 /* Base */,
			);
			name = Main.storyboard;
			sourceTree = "<group>";
		};
		0107509926E8C5A300AAEA10 /* LaunchScreen.storyboard */ = {
			isa = PBXVariantGroup;
			children = (
				0107509A26E8C5A300AAEA10 /* Base */,
			);
			name = LaunchScreen.storyboard;
			sourceTree = "<group>";
		};
/* End PBXVariantGroup section */

/* Begin XCBuildConfiguration section */
		0107509E26E8C5A300AAEA10 /* Debug */ = {
			isa = XCBuildConfiguration;
			buildSettings = {
				ASSETCATALOG_COMPILER_APPICON_NAME = AppIcon;
				ASSETCATALOG_COMPILER_GLOBAL_ACCENT_COLOR_NAME = AccentColor;
				CLANG_CXX_LANGUAGE_STANDARD = "gnu++17";
				CLANG_WARN_QUOTED_INCLUDE_IN_FRAMEWORK_HEADER = YES;
				CODE_SIGN_ENTITLEMENTS = MJExtensionDemo/MJExtensionDemo.entitlements;
				CODE_SIGN_STYLE = Automatic;
				CURRENT_PROJECT_VERSION = 1;
				DEVELOPMENT_TEAM = "";
				GENERATE_INFOPLIST_FILE = YES;
				INFOPLIST_FILE = MJExtensionDemo/Info.plist;
				INFOPLIST_KEY_UIApplicationSupportsIndirectInputEvents = YES;
				INFOPLIST_KEY_UILaunchStoryboardName = LaunchScreen;
				INFOPLIST_KEY_UIMainStoryboardFile = Main;
				INFOPLIST_KEY_UISupportedInterfaceOrientations_iPad = "UIInterfaceOrientationPortrait UIInterfaceOrientationPortraitUpsideDown UIInterfaceOrientationLandscapeLeft UIInterfaceOrientationLandscapeRight";
				INFOPLIST_KEY_UISupportedInterfaceOrientations_iPhone = "UIInterfaceOrientationPortrait UIInterfaceOrientationLandscapeLeft UIInterfaceOrientationLandscapeRight";
				LD_RUNPATH_SEARCH_PATHS = (
					"$(inherited)",
					"@executable_path/Frameworks",
				);
				MARKETING_VERSION = 1.0;
				PRODUCT_BUNDLE_IDENTIFIER = com.mj.MJExtension.MJExtensionDemo;
				PRODUCT_NAME = "$(TARGET_NAME)";
				SUPPORTS_MACCATALYST = NO;
				SWIFT_ACTIVE_COMPILATION_CONDITIONS = DEBUG;
				SWIFT_EMIT_LOC_STRINGS = YES;
				SWIFT_OPTIMIZATION_LEVEL = "-Onone";
				SWIFT_VERSION = 5.0;
				TARGETED_DEVICE_FAMILY = "1,2";
			};
			name = Debug;
		};
		0107509F26E8C5A300AAEA10 /* Release */ = {
			isa = XCBuildConfiguration;
			buildSettings = {
				ASSETCATALOG_COMPILER_APPICON_NAME = AppIcon;
				ASSETCATALOG_COMPILER_GLOBAL_ACCENT_COLOR_NAME = AccentColor;
				CLANG_CXX_LANGUAGE_STANDARD = "gnu++17";
				CLANG_WARN_QUOTED_INCLUDE_IN_FRAMEWORK_HEADER = YES;
				CODE_SIGN_ENTITLEMENTS = MJExtensionDemo/MJExtensionDemo.entitlements;
				CODE_SIGN_STYLE = Automatic;
				CURRENT_PROJECT_VERSION = 1;
				DEVELOPMENT_TEAM = "";
				GENERATE_INFOPLIST_FILE = YES;
				INFOPLIST_FILE = MJExtensionDemo/Info.plist;
				INFOPLIST_KEY_UIApplicationSupportsIndirectInputEvents = YES;
				INFOPLIST_KEY_UILaunchStoryboardName = LaunchScreen;
				INFOPLIST_KEY_UIMainStoryboardFile = Main;
				INFOPLIST_KEY_UISupportedInterfaceOrientations_iPad = "UIInterfaceOrientationPortrait UIInterfaceOrientationPortraitUpsideDown UIInterfaceOrientationLandscapeLeft UIInterfaceOrientationLandscapeRight";
				INFOPLIST_KEY_UISupportedInterfaceOrientations_iPhone = "UIInterfaceOrientationPortrait UIInterfaceOrientationLandscapeLeft UIInterfaceOrientationLandscapeRight";
				LD_RUNPATH_SEARCH_PATHS = (
					"$(inherited)",
					"@executable_path/Frameworks",
				);
				MARKETING_VERSION = 1.0;
				PRODUCT_BUNDLE_IDENTIFIER = com.mj.MJExtension.MJExtensionDemo;
				PRODUCT_NAME = "$(TARGET_NAME)";
				SUPPORTS_MACCATALYST = NO;
				SWIFT_COMPILATION_MODE = wholemodule;
				SWIFT_EMIT_LOC_STRINGS = YES;
				SWIFT_OPTIMIZATION_LEVEL = "-O";
				SWIFT_VERSION = 5.0;
				TARGETED_DEVICE_FAMILY = "1,2";
			};
			name = Release;
		};
		2D2DB9E72317DA08005A689E /* Debug */ = {
			isa = XCBuildConfiguration;
			buildSettings = {
				ALWAYS_SEARCH_USER_PATHS = NO;
				CLANG_ANALYZER_LOCALIZABILITY_NONLOCALIZED = YES;
				CLANG_ANALYZER_NONNULL = YES;
				CLANG_ANALYZER_NUMBER_OBJECT_CONVERSION = YES_AGGRESSIVE;
				CLANG_CXX_LANGUAGE_STANDARD = "gnu++14";
				CLANG_CXX_LIBRARY = "libc++";
				CLANG_ENABLE_MODULES = YES;
				CLANG_ENABLE_OBJC_ARC = YES;
				CLANG_ENABLE_OBJC_WEAK = YES;
				CLANG_WARN_BLOCK_CAPTURE_AUTORELEASING = YES;
				CLANG_WARN_BOOL_CONVERSION = YES;
				CLANG_WARN_COMMA = YES;
				CLANG_WARN_CONSTANT_CONVERSION = YES;
				CLANG_WARN_DEPRECATED_OBJC_IMPLEMENTATIONS = YES;
				CLANG_WARN_DIRECT_OBJC_ISA_USAGE = YES_ERROR;
				CLANG_WARN_DOCUMENTATION_COMMENTS = YES;
				CLANG_WARN_EMPTY_BODY = YES;
				CLANG_WARN_ENUM_CONVERSION = YES;
				CLANG_WARN_INFINITE_RECURSION = YES;
				CLANG_WARN_INT_CONVERSION = YES;
				CLANG_WARN_NON_LITERAL_NULL_CONVERSION = YES;
				CLANG_WARN_OBJC_IMPLICIT_RETAIN_SELF = YES;
				CLANG_WARN_OBJC_LITERAL_CONVERSION = YES;
				CLANG_WARN_OBJC_ROOT_CLASS = YES_ERROR;
				CLANG_WARN_RANGE_LOOP_ANALYSIS = YES;
				CLANG_WARN_STRICT_PROTOTYPES = YES;
				CLANG_WARN_SUSPICIOUS_MOVE = YES;
				CLANG_WARN_UNGUARDED_AVAILABILITY = YES_AGGRESSIVE;
				CLANG_WARN_UNREACHABLE_CODE = YES;
				CLANG_WARN__DUPLICATE_METHOD_MATCH = YES;
				CODE_SIGN_IDENTITY = "iPhone Developer";
				COPY_PHASE_STRIP = NO;
				DEBUG_INFORMATION_FORMAT = dwarf;
				ENABLE_STRICT_OBJC_MSGSEND = YES;
				ENABLE_TESTABILITY = YES;
				GCC_C_LANGUAGE_STANDARD = gnu11;
				GCC_DYNAMIC_NO_PIC = NO;
				GCC_NO_COMMON_BLOCKS = YES;
				GCC_OPTIMIZATION_LEVEL = 0;
				GCC_PREPROCESSOR_DEFINITIONS = (
					"DEBUG=1",
					"$(inherited)",
				);
				GCC_WARN_64_TO_32_BIT_CONVERSION = YES;
				GCC_WARN_ABOUT_RETURN_TYPE = YES_ERROR;
				GCC_WARN_UNDECLARED_SELECTOR = YES;
				GCC_WARN_UNINITIALIZED_AUTOS = YES_AGGRESSIVE;
				GCC_WARN_UNUSED_FUNCTION = YES;
				GCC_WARN_UNUSED_VARIABLE = YES;
				IPHONEOS_DEPLOYMENT_TARGET = 12.4;
				MTL_ENABLE_DEBUG_INFO = INCLUDE_SOURCE;
				MTL_FAST_MATH = YES;
				ONLY_ACTIVE_ARCH = YES;
				SDKROOT = iphoneos;
				SWIFT_VERSION = 5.0;
			};
			name = Debug;
		};
		2D2DB9E82317DA08005A689E /* Release */ = {
			isa = XCBuildConfiguration;
			buildSettings = {
				ALWAYS_SEARCH_USER_PATHS = NO;
				CLANG_ANALYZER_LOCALIZABILITY_NONLOCALIZED = YES;
				CLANG_ANALYZER_NONNULL = YES;
				CLANG_ANALYZER_NUMBER_OBJECT_CONVERSION = YES_AGGRESSIVE;
				CLANG_CXX_LANGUAGE_STANDARD = "gnu++14";
				CLANG_CXX_LIBRARY = "libc++";
				CLANG_ENABLE_MODULES = YES;
				CLANG_ENABLE_OBJC_ARC = YES;
				CLANG_ENABLE_OBJC_WEAK = YES;
				CLANG_WARN_BLOCK_CAPTURE_AUTORELEASING = YES;
				CLANG_WARN_BOOL_CONVERSION = YES;
				CLANG_WARN_COMMA = YES;
				CLANG_WARN_CONSTANT_CONVERSION = YES;
				CLANG_WARN_DEPRECATED_OBJC_IMPLEMENTATIONS = YES;
				CLANG_WARN_DIRECT_OBJC_ISA_USAGE = YES_ERROR;
				CLANG_WARN_DOCUMENTATION_COMMENTS = YES;
				CLANG_WARN_EMPTY_BODY = YES;
				CLANG_WARN_ENUM_CONVERSION = YES;
				CLANG_WARN_INFINITE_RECURSION = YES;
				CLANG_WARN_INT_CONVERSION = YES;
				CLANG_WARN_NON_LITERAL_NULL_CONVERSION = YES;
				CLANG_WARN_OBJC_IMPLICIT_RETAIN_SELF = YES;
				CLANG_WARN_OBJC_LITERAL_CONVERSION = YES;
				CLANG_WARN_OBJC_ROOT_CLASS = YES_ERROR;
				CLANG_WARN_RANGE_LOOP_ANALYSIS = YES;
				CLANG_WARN_STRICT_PROTOTYPES = YES;
				CLANG_WARN_SUSPICIOUS_MOVE = YES;
				CLANG_WARN_UNGUARDED_AVAILABILITY = YES_AGGRESSIVE;
				CLANG_WARN_UNREACHABLE_CODE = YES;
				CLANG_WARN__DUPLICATE_METHOD_MATCH = YES;
				CODE_SIGN_IDENTITY = "iPhone Developer";
				COPY_PHASE_STRIP = NO;
				DEBUG_INFORMATION_FORMAT = "dwarf-with-dsym";
				ENABLE_NS_ASSERTIONS = NO;
				ENABLE_STRICT_OBJC_MSGSEND = YES;
				GCC_C_LANGUAGE_STANDARD = gnu11;
				GCC_NO_COMMON_BLOCKS = YES;
				GCC_WARN_64_TO_32_BIT_CONVERSION = YES;
				GCC_WARN_ABOUT_RETURN_TYPE = YES_ERROR;
				GCC_WARN_UNDECLARED_SELECTOR = YES;
				GCC_WARN_UNINITIALIZED_AUTOS = YES_AGGRESSIVE;
				GCC_WARN_UNUSED_FUNCTION = YES;
				GCC_WARN_UNUSED_VARIABLE = YES;
				IPHONEOS_DEPLOYMENT_TARGET = 12.4;
				MTL_ENABLE_DEBUG_INFO = NO;
				MTL_FAST_MATH = YES;
				SDKROOT = iphoneos;
				SWIFT_VERSION = 5.0;
				VALIDATE_PRODUCT = YES;
			};
			name = Release;
		};
		2D2DB9FE2317DA64005A689E /* Debug */ = {
			isa = XCBuildConfiguration;
			buildSettings = {
				CLANG_ENABLE_MODULES = YES;
				CODE_SIGN_IDENTITY = "";
				CODE_SIGN_STYLE = Automatic;
				CURRENT_PROJECT_VERSION = 1;
				DEFINES_MODULE = YES;
				DYLIB_COMPATIBILITY_VERSION = 1;
				DYLIB_CURRENT_VERSION = 1;
				DYLIB_INSTALL_NAME_BASE = "@rpath";
				INFOPLIST_FILE = MJExtension/Info.plist;
				INSTALL_PATH = "$(LOCAL_LIBRARY_DIR)/Frameworks";
				IPHONEOS_DEPLOYMENT_TARGET = 10.0;
				LD_RUNPATH_SEARCH_PATHS = (
					"$(inherited)",
					"@executable_path/Frameworks",
					"@loader_path/Frameworks",
				);
				PRODUCT_BUNDLE_IDENTIFIER = com.mj.MJExtension;
				PRODUCT_NAME = "$(TARGET_NAME:c99extidentifier)";
				SKIP_INSTALL = YES;
				SUPPORTS_MACCATALYST = NO;
				SWIFT_OPTIMIZATION_LEVEL = "-Onone";
				SWIFT_VERSION = 5.0;
				TARGETED_DEVICE_FAMILY = "1,2";
				VERSIONING_SYSTEM = "apple-generic";
				VERSION_INFO_PREFIX = "";
			};
			name = Debug;
		};
		2D2DB9FF2317DA64005A689E /* Release */ = {
			isa = XCBuildConfiguration;
			buildSettings = {
				CLANG_ENABLE_MODULES = YES;
				CODE_SIGN_IDENTITY = "";
				CODE_SIGN_STYLE = Automatic;
				CURRENT_PROJECT_VERSION = 1;
				DEFINES_MODULE = YES;
				DYLIB_COMPATIBILITY_VERSION = 1;
				DYLIB_CURRENT_VERSION = 1;
				DYLIB_INSTALL_NAME_BASE = "@rpath";
				INFOPLIST_FILE = MJExtension/Info.plist;
				INSTALL_PATH = "$(LOCAL_LIBRARY_DIR)/Frameworks";
				IPHONEOS_DEPLOYMENT_TARGET = 10.0;
				LD_RUNPATH_SEARCH_PATHS = (
					"$(inherited)",
					"@executable_path/Frameworks",
					"@loader_path/Frameworks",
				);
				PRODUCT_BUNDLE_IDENTIFIER = com.mj.MJExtension;
				PRODUCT_NAME = "$(TARGET_NAME:c99extidentifier)";
				SKIP_INSTALL = YES;
				SUPPORTS_MACCATALYST = NO;
				SWIFT_VERSION = 5.0;
				TARGETED_DEVICE_FAMILY = "1,2";
				VERSIONING_SYSTEM = "apple-generic";
				VERSION_INFO_PREFIX = "";
			};
			name = Release;
		};
		2D2DBA5D2317DBB9005A689E /* Debug */ = {
			isa = XCBuildConfiguration;
			buildSettings = {
				CLANG_ENABLE_MODULES = YES;
				CODE_SIGN_STYLE = Automatic;
				DEVELOPMENT_TEAM = "";
				GCC_PRECOMPILE_PREFIX_HEADER = YES;
				GCC_PREFIX_HEADER = MJExtensionTests/PrefixHeader.pch;
				INFOPLIST_FILE = MJExtensionTests/Info.plist;
				LD_RUNPATH_SEARCH_PATHS = (
					"$(inherited)",
					"@executable_path/Frameworks",
					"@loader_path/Frameworks",
				);
				PRODUCT_BUNDLE_IDENTIFIER = com.mj.MJExtensionTests;
				PRODUCT_NAME = "$(TARGET_NAME)";
				SWIFT_OBJC_BRIDGING_HEADER = "MJExtensionTests/MJExtensionTests-Bridging-Header.h";
				SWIFT_OPTIMIZATION_LEVEL = "-Onone";
				TARGETED_DEVICE_FAMILY = "1,2";
				TEST_HOST = "$(BUILT_PRODUCTS_DIR)/MJExtensionDemo.app/MJExtensionDemo";
			};
			name = Debug;
		};
		2D2DBA5E2317DBB9005A689E /* Release */ = {
			isa = XCBuildConfiguration;
			buildSettings = {
				CLANG_ENABLE_MODULES = YES;
				CODE_SIGN_STYLE = Automatic;
				DEVELOPMENT_TEAM = "";
				GCC_PRECOMPILE_PREFIX_HEADER = YES;
				GCC_PREFIX_HEADER = MJExtensionTests/PrefixHeader.pch;
				INFOPLIST_FILE = MJExtensionTests/Info.plist;
				LD_RUNPATH_SEARCH_PATHS = (
					"$(inherited)",
					"@executable_path/Frameworks",
					"@loader_path/Frameworks",
				);
				PRODUCT_BUNDLE_IDENTIFIER = com.mj.MJExtensionTests;
				PRODUCT_NAME = "$(TARGET_NAME)";
				SWIFT_OBJC_BRIDGING_HEADER = "MJExtensionTests/MJExtensionTests-Bridging-Header.h";
				TARGETED_DEVICE_FAMILY = "1,2";
				TEST_HOST = "$(BUILT_PRODUCTS_DIR)/MJExtensionDemo.app/MJExtensionDemo";
			};
			name = Release;
		};
/* End XCBuildConfiguration section */

/* Begin XCConfigurationList section */
		0107509D26E8C5A300AAEA10 /* Build configuration list for PBXNativeTarget "MJExtensionDemo" */ = {
			isa = XCConfigurationList;
			buildConfigurations = (
				0107509E26E8C5A300AAEA10 /* Debug */,
				0107509F26E8C5A300AAEA10 /* Release */,
			);
			defaultConfigurationIsVisible = 0;
			defaultConfigurationName = Release;
		};
		2D2DB9C32317DA07005A689E /* Build configuration list for PBXProject "MJExtension" */ = {
			isa = XCConfigurationList;
			buildConfigurations = (
				2D2DB9E72317DA08005A689E /* Debug */,
				2D2DB9E82317DA08005A689E /* Release */,
			);
			defaultConfigurationIsVisible = 0;
			defaultConfigurationName = Release;
		};
		2D2DB9FD2317DA64005A689E /* Build configuration list for PBXNativeTarget "MJExtension" */ = {
			isa = XCConfigurationList;
			buildConfigurations = (
				2D2DB9FE2317DA64005A689E /* Debug */,
				2D2DB9FF2317DA64005A689E /* Release */,
			);
			defaultConfigurationIsVisible = 0;
			defaultConfigurationName = Release;
		};
		2D2DBA5C2317DBB9005A689E /* Build configuration list for PBXNativeTarget "MJExtensionTests" */ = {
			isa = XCConfigurationList;
			buildConfigurations = (
				2D2DBA5D2317DBB9005A689E /* Debug */,
				2D2DBA5E2317DBB9005A689E /* Release */,
			);
			defaultConfigurationIsVisible = 0;
			defaultConfigurationName = Release;
		};
/* End XCConfigurationList section */

/* Begin XCVersionGroup section */
		0107507626E88DD400AAEA10 /* MJCoreDataTestModel.xcdatamodeld */ = {
			isa = XCVersionGroup;
			children = (
				0107507726E88DD400AAEA10 /* MJCoreDataTestModel.xcdatamodel */,
			);
			currentVersion = 0107507726E88DD400AAEA10 /* MJCoreDataTestModel.xcdatamodel */;
			path = MJCoreDataTestModel.xcdatamodeld;
			sourceTree = "<group>";
			versionGroupType = wrapper.xcdatamodel;
		};
/* End XCVersionGroup section */
	};
	rootObject = 2D2DB9C02317DA07005A689E /* Project object */;
}
