// !$*UTF8*$!
{
	archiveVersion = 1;
	classes = {
	};
	objectVersion = 46;
	objects = {

/* Begin PBXBuildFile section */
		2D306F5D1B58A6650069910E /* MJExtensionConst.m in Sources */ = {isa = PBXBuildFile; fileRef = 2D306F5C1B58A6650069910E /* MJExtensionConst.m */; };
		2D306F601B5A24430069910E /* BaseObject.m in Sources */ = {isa = PBXBuildFile; fileRef = 2D306F5F1B5A24430069910E /* BaseObject.m */; };
		2D35374C1B24868D00D5B7A8 /* Dog.m in Sources */ = {isa = PBXBuildFile; fileRef = 2D35374B1B24868D00D5B7A8 /* Dog.m */; };
		2D3537551B248D9B00D5B7A8 /* Book.m in Sources */ = {isa = PBXBuildFile; fileRef = 2D3537541B248D9B00D5B7A8 /* Book.m */; };
		2D3576231A7913F30056D6BF /* Bag.m in Sources */ = {isa = PBXBuildFile; fileRef = 2D3576221A7913F30056D6BF /* Bag.m */; };
		2D49F3211B2855EC008D5A72 /* Box.m in Sources */ = {isa = PBXBuildFile; fileRef = 2D49F3201B2855EC008D5A72 /* Box.m */; };
		2D4A0BF91B25615700D323A7 /* MJFoundation.m in Sources */ = {isa = PBXBuildFile; fileRef = 2D4A0BEB1B25615600D323A7 /* MJFoundation.m */; };
		2D4A0BFA1B25615700D323A7 /* MJProperty.m in Sources */ = {isa = PBXBuildFile; fileRef = 2D4A0BED1B25615600D323A7 /* MJProperty.m */; };
		2D4A0BFB1B25615700D323A7 /* MJType.m in Sources */ = {isa = PBXBuildFile; fileRef = 2D4A0BEF1B25615700D323A7 /* MJType.m */; };
		2D4A0BFC1B25615700D323A7 /* NSObject+MJCoding.m in Sources */ = {isa = PBXBuildFile; fileRef = 2D4A0BF11B25615700D323A7 /* NSObject+MJCoding.m */; };
		2D4A0BFD1B25615700D323A7 /* NSObject+MJKeyValue.m in Sources */ = {isa = PBXBuildFile; fileRef = 2D4A0BF31B25615700D323A7 /* NSObject+MJKeyValue.m */; };
		2D4A0BFE1B25615700D323A7 /* NSObject+MJProperty.m in Sources */ = {isa = PBXBuildFile; fileRef = 2D4A0BF51B25615700D323A7 /* NSObject+MJProperty.m */; };
		2D4A0BFF1B25615700D323A7 /* NSString+MJExtension.m in Sources */ = {isa = PBXBuildFile; fileRef = 2D4A0BF71B25615700D323A7 /* NSString+MJExtension.m */; };
		2D4B069E1AE7CFF300C1843E /* MJExtensionConfig.m in Sources */ = {isa = PBXBuildFile; fileRef = 2D4B069D1AE7CFF300C1843E /* MJExtensionConfig.m */; };
		2D6CAFF61A5AA0BB00E2BA5E /* Ad.m in Sources */ = {isa = PBXBuildFile; fileRef = 2D6CAFEF1A5AA0BB00E2BA5E /* Ad.m */; };
		2D6CAFF71A5AA0BB00E2BA5E /* Status.m in Sources */ = {isa = PBXBuildFile; fileRef = 2D6CAFF11A5AA0BB00E2BA5E /* Status.m */; };
		2D6CAFF81A5AA0BB00E2BA5E /* StatusResult.m in Sources */ = {isa = PBXBuildFile; fileRef = 2D6CAFF31A5AA0BB00E2BA5E /* StatusResult.m */; };
		2D6CAFF91A5AA0BB00E2BA5E /* User.m in Sources */ = {isa = PBXBuildFile; fileRef = 2D6CAFF51A5AA0BB00E2BA5E /* User.m */; };
		2D6CAFFC1A5AA34800E2BA5E /* Student.m in Sources */ = {isa = PBXBuildFile; fileRef = 2D6CAFFB1A5AA34800E2BA5E /* Student.m */; };
		2D9CAF2B192FA6020011F500 /* Foundation.framework in Frameworks */ = {isa = PBXBuildFile; fileRef = 2D9CAF2A192FA6020011F500 /* Foundation.framework */; };
		2D9CAF2E192FA6020011F500 /* main.m in Sources */ = {isa = PBXBuildFile; fileRef = 2D9CAF2D192FA6020011F500 /* main.m */; };
		2D9CAF32192FA6020011F500 /* MJExtensionExample.1 in CopyFiles */ = {isa = PBXBuildFile; fileRef = 2D9CAF31192FA6020011F500 /* MJExtensionExample.1 */; };
		89568B751B1B3EAE00B1FACA /* CoreData.framework in Frameworks */ = {isa = PBXBuildFile; fileRef = 89568B741B1B3EAE00B1FACA /* CoreData.framework */; };
/* End PBXBuildFile section */

/* Begin PBXCopyFilesBuildPhase section */
		2D9CAF25192FA6020011F500 /* CopyFiles */ = {
			isa = PBXCopyFilesBuildPhase;
			buildActionMask = 2147483647;
			dstPath = /usr/share/man/man1/;
			dstSubfolderSpec = 0;
			files = (
				2D9CAF32192FA6020011F500 /* MJExtensionExample.1 in CopyFiles */,
			);
			runOnlyForDeploymentPostprocessing = 1;
		};
/* End PBXCopyFilesBuildPhase section */

/* Begin PBXFileReference section */
		2D2ABF0B1A7127DC0016C673 /* main.h */ = {isa = PBXFileReference; lastKnownFileType = sourcecode.c.h; path = main.h; sourceTree = "<group>"; };
		2D306F5B1B58A6650069910E /* MJExtensionConst.h */ = {isa = PBXFileReference; fileEncoding = 4; lastKnownFileType = sourcecode.c.h; path = MJExtensionConst.h; sourceTree = "<group>"; };
		2D306F5C1B58A6650069910E /* MJExtensionConst.m */ = {isa = PBXFileReference; fileEncoding = 4; lastKnownFileType = sourcecode.c.objc; path = MJExtensionConst.m; sourceTree = "<group>"; };
		2D306F5E1B5A24430069910E /* BaseObject.h */ = {isa = PBXFileReference; fileEncoding = 4; lastKnownFileType = sourcecode.c.h; path = BaseObject.h; sourceTree = "<group>"; };
		2D306F5F1B5A24430069910E /* BaseObject.m */ = {isa = PBXFileReference; fileEncoding = 4; lastKnownFileType = sourcecode.c.objc; path = BaseObject.m; sourceTree = "<group>"; };
		2D35374A1B24868D00D5B7A8 /* Dog.h */ = {isa = PBXFileReference; fileEncoding = 4; lastKnownFileType = sourcecode.c.h; path = Dog.h; sourceTree = "<group>"; };
		2D35374B1B24868D00D5B7A8 /* Dog.m */ = {isa = PBXFileReference; fileEncoding = 4; lastKnownFileType = sourcecode.c.objc; path = Dog.m; sourceTree = "<group>"; };
		2D3537531B248D9B00D5B7A8 /* Book.h */ = {isa = PBXFileReference; fileEncoding = 4; lastKnownFileType = sourcecode.c.h; path = Book.h; sourceTree = "<group>"; };
		2D3537541B248D9B00D5B7A8 /* Book.m */ = {isa = PBXFileReference; fileEncoding = 4; lastKnownFileType = sourcecode.c.objc; path = Book.m; sourceTree = "<group>"; };
		2D3576211A7913F30056D6BF /* Bag.h */ = {isa = PBXFileReference; fileEncoding = 4; lastKnownFileType = sourcecode.c.h; path = Bag.h; sourceTree = "<group>"; };
		2D3576221A7913F30056D6BF /* Bag.m */ = {isa = PBXFileReference; fileEncoding = 4; lastKnownFileType = sourcecode.c.objc; path = Bag.m; sourceTree = "<group>"; };
		2D49F31F1B2855EC008D5A72 /* Box.h */ = {isa = PBXFileReference; fileEncoding = 4; lastKnownFileType = sourcecode.c.h; path = Box.h; sourceTree = "<group>"; };
		2D49F3201B2855EC008D5A72 /* Box.m */ = {isa = PBXFileReference; fileEncoding = 4; lastKnownFileType = sourcecode.c.objc; path = Box.m; sourceTree = "<group>"; };
		2D4A0BE91B25615600D323A7 /* MJExtension.h */ = {isa = PBXFileReference; fileEncoding = 4; lastKnownFileType = sourcecode.c.h; path = MJExtension.h; sourceTree = "<group>"; };
		2D4A0BEA1B25615600D323A7 /* MJFoundation.h */ = {isa = PBXFileReference; fileEncoding = 4; lastKnownFileType = sourcecode.c.h; path = MJFoundation.h; sourceTree = "<group>"; };
		2D4A0BEB1B25615600D323A7 /* MJFoundation.m */ = {isa = PBXFileReference; fileEncoding = 4; lastKnownFileType = sourcecode.c.objc; path = MJFoundation.m; sourceTree = "<group>"; };
		2D4A0BEC1B25615600D323A7 /* MJProperty.h */ = {isa = PBXFileReference; fileEncoding = 4; lastKnownFileType = sourcecode.c.h; path = MJProperty.h; sourceTree = "<group>"; };
		2D4A0BED1B25615600D323A7 /* MJProperty.m */ = {isa = PBXFileReference; fileEncoding = 4; lastKnownFileType = sourcecode.c.objc; path = MJProperty.m; sourceTree = "<group>"; };
		2D4A0BEE1B25615600D323A7 /* MJType.h */ = {isa = PBXFileReference; fileEncoding = 4; lastKnownFileType = sourcecode.c.h; path = MJType.h; sourceTree = "<group>"; };
		2D4A0BEF1B25615700D323A7 /* MJType.m */ = {isa = PBXFileReference; fileEncoding = 4; lastKnownFileType = sourcecode.c.objc; path = MJType.m; sourceTree = "<group>"; };
		2D4A0BF01B25615700D323A7 /* NSObject+MJCoding.h */ = {isa = PBXFileReference; fileEncoding = 4; lastKnownFileType = sourcecode.c.h; path = "NSObject+MJCoding.h"; sourceTree = "<group>"; };
		2D4A0BF11B25615700D323A7 /* NSObject+MJCoding.m */ = {isa = PBXFileReference; fileEncoding = 4; lastKnownFileType = sourcecode.c.objc; path = "NSObject+MJCoding.m"; sourceTree = "<group>"; };
		2D4A0BF21B25615700D323A7 /* NSObject+MJKeyValue.h */ = {isa = PBXFileReference; fileEncoding = 4; lastKnownFileType = sourcecode.c.h; path = "NSObject+MJKeyValue.h"; sourceTree = "<group>"; };
		2D4A0BF31B25615700D323A7 /* NSObject+MJKeyValue.m */ = {isa = PBXFileReference; fileEncoding = 4; lastKnownFileType = sourcecode.c.objc; path = "NSObject+MJKeyValue.m"; sourceTree = "<group>"; };
		2D4A0BF41B25615700D323A7 /* NSObject+MJProperty.h */ = {isa = PBXFileReference; fileEncoding = 4; lastKnownFileType = sourcecode.c.h; path = "NSObject+MJProperty.h"; sourceTree = "<group>"; };
		2D4A0BF51B25615700D323A7 /* NSObject+MJProperty.m */ = {isa = PBXFileReference; fileEncoding = 4; lastKnownFileType = sourcecode.c.objc; path = "NSObject+MJProperty.m"; sourceTree = "<group>"; };
		2D4A0BF61B25615700D323A7 /* NSString+MJExtension.h */ = {isa = PBXFileReference; fileEncoding = 4; lastKnownFileType = sourcecode.c.h; path = "NSString+MJExtension.h"; sourceTree = "<group>"; };
		2D4A0BF71B25615700D323A7 /* NSString+MJExtension.m */ = {isa = PBXFileReference; fileEncoding = 4; lastKnownFileType = sourcecode.c.objc; path = "NSString+MJExtension.m"; sourceTree = "<group>"; };
		2D4B069D1AE7CFF300C1843E /* MJExtensionConfig.m */ = {isa = PBXFileReference; fileEncoding = 4; lastKnownFileType = sourcecode.c.objc; path = MJExtensionConfig.m; sourceTree = "<group>"; };
		2D4B069F1AE7D72700C1843E /* MJExtensionConfig.h */ = {isa = PBXFileReference; fileEncoding = 4; lastKnownFileType = sourcecode.c.h; path = MJExtensionConfig.h; sourceTree = "<group>"; };
		2D6CAFEE1A5AA0BB00E2BA5E /* Ad.h */ = {isa = PBXFileReference; fileEncoding = 4; lastKnownFileType = sourcecode.c.h; path = Ad.h; sourceTree = "<group>"; };
		2D6CAFEF1A5AA0BB00E2BA5E /* Ad.m */ = {isa = PBXFileReference; fileEncoding = 4; lastKnownFileType = sourcecode.c.objc; path = Ad.m; sourceTree = "<group>"; };
		2D6CAFF01A5AA0BB00E2BA5E /* Status.h */ = {isa = PBXFileReference; fileEncoding = 4; lastKnownFileType = sourcecode.c.h; path = Status.h; sourceTree = "<group>"; };
		2D6CAFF11A5AA0BB00E2BA5E /* Status.m */ = {isa = PBXFileReference; fileEncoding = 4; lastKnownFileType = sourcecode.c.objc; path = Status.m; sourceTree = "<group>"; };
		2D6CAFF21A5AA0BB00E2BA5E /* StatusResult.h */ = {isa = PBXFileReference; fileEncoding = 4; lastKnownFileType = sourcecode.c.h; path = StatusResult.h; sourceTree = "<group>"; };
		2D6CAFF31A5AA0BB00E2BA5E /* StatusResult.m */ = {isa = PBXFileReference; fileEncoding = 4; lastKnownFileType = sourcecode.c.objc; path = StatusResult.m; sourceTree = "<group>"; };
		2D6CAFF41A5AA0BB00E2BA5E /* User.h */ = {isa = PBXFileReference; fileEncoding = 4; lastKnownFileType = sourcecode.c.h; path = User.h; sourceTree = "<group>"; };
		2D6CAFF51A5AA0BB00E2BA5E /* User.m */ = {isa = PBXFileReference; fileEncoding = 4; lastKnownFileType = sourcecode.c.objc; path = User.m; sourceTree = "<group>"; };
		2D6CAFFA1A5AA34800E2BA5E /* Student.h */ = {isa = PBXFileReference; fileEncoding = 4; lastKnownFileType = sourcecode.c.h; path = Student.h; sourceTree = "<group>"; };
		2D6CAFFB1A5AA34800E2BA5E /* Student.m */ = {isa = PBXFileReference; fileEncoding = 4; lastKnownFileType = sourcecode.c.objc; path = Student.m; sourceTree = "<group>"; };
		2D9CAF27192FA6020011F500 /* MJExtensionExample */ = {isa = PBXFileReference; explicitFileType = "compiled.mach-o.executable"; includeInIndex = 0; path = MJExtensionExample; sourceTree = BUILT_PRODUCTS_DIR; };
		2D9CAF2A192FA6020011F500 /* Foundation.framework */ = {isa = PBXFileReference; lastKnownFileType = wrapper.framework; name = Foundation.framework; path = System/Library/Frameworks/Foundation.framework; sourceTree = SDKROOT; };
		2D9CAF2D192FA6020011F500 /* main.m */ = {isa = PBXFileReference; lastKnownFileType = sourcecode.c.objc; path = main.m; sourceTree = "<group>"; };
		2D9CAF30192FA6020011F500 /* MJExtensionExample-Prefix.pch */ = {isa = PBXFileReference; lastKnownFileType = sourcecode.c.h; path = "MJExtensionExample-Prefix.pch"; sourceTree = "<group>"; };
		2D9CAF31192FA6020011F500 /* MJExtensionExample.1 */ = {isa = PBXFileReference; lastKnownFileType = text.man; path = MJExtensionExample.1; sourceTree = "<group>"; };
		89568B741B1B3EAE00B1FACA /* CoreData.framework */ = {isa = PBXFileReference; lastKnownFileType = wrapper.framework; name = CoreData.framework; path = System/Library/Frameworks/CoreData.framework; sourceTree = SDKROOT; };
/* End PBXFileReference section */

/* Begin PBXFrameworksBuildPhase section */
		2D9CAF24192FA6020011F500 /* Frameworks */ = {
			isa = PBXFrameworksBuildPhase;
			buildActionMask = 2147483647;
			files = (
				89568B751B1B3EAE00B1FACA /* CoreData.framework in Frameworks */,
				2D9CAF2B192FA6020011F500 /* Foundation.framework in Frameworks */,
			);
			runOnlyForDeploymentPostprocessing = 0;
		};
/* End PBXFrameworksBuildPhase section */

/* Begin PBXGroup section */
		2D4A0BE61B25615600D323A7 /* MJExtension */ = {
			isa = PBXGroup;
			children = (
				2D306F5B1B58A6650069910E /* MJExtensionConst.h */,
				2D306F5C1B58A6650069910E /* MJExtensionConst.m */,
				2D4A0BE91B25615600D323A7 /* MJExtension.h */,
				2D4A0BEA1B25615600D323A7 /* MJFoundation.h */,
				2D4A0BEB1B25615600D323A7 /* MJFoundation.m */,
				2D4A0BEC1B25615600D323A7 /* MJProperty.h */,
				2D4A0BED1B25615600D323A7 /* MJProperty.m */,
				2D4A0BEE1B25615600D323A7 /* MJType.h */,
				2D4A0BEF1B25615700D323A7 /* MJType.m */,
				2D4A0BF01B25615700D323A7 /* NSObject+MJCoding.h */,
				2D4A0BF11B25615700D323A7 /* NSObject+MJCoding.m */,
				2D4A0BF21B25615700D323A7 /* NSObject+MJKeyValue.h */,
				2D4A0BF31B25615700D323A7 /* NSObject+MJKeyValue.m */,
				2D4A0BF41B25615700D323A7 /* NSObject+MJProperty.h */,
				2D4A0BF51B25615700D323A7 /* NSObject+MJProperty.m */,
				2D4A0BF61B25615700D323A7 /* NSString+MJExtension.h */,
				2D4A0BF71B25615700D323A7 /* NSString+MJExtension.m */,
			);
			name = MJExtension;
			path = ../../MJExtension;
			sourceTree = "<group>";
		};
		2D6CAFED1A5AA0BB00E2BA5E /* Classes */ = {
			isa = PBXGroup;
			children = (
				2D4B069F1AE7D72700C1843E /* MJExtensionConfig.h */,
				2D4B069D1AE7CFF300C1843E /* MJExtensionConfig.m */,
				2D6CAFEE1A5AA0BB00E2BA5E /* Ad.h */,
				2D6CAFEF1A5AA0BB00E2BA5E /* Ad.m */,
				2D6CAFF01A5AA0BB00E2BA5E /* Status.h */,
				2D6CAFF11A5AA0BB00E2BA5E /* Status.m */,
				2D6CAFF21A5AA0BB00E2BA5E /* StatusResult.h */,
				2D6CAFF31A5AA0BB00E2BA5E /* StatusResult.m */,
				2D6CAFF41A5AA0BB00E2BA5E /* User.h */,
				2D6CAFF51A5AA0BB00E2BA5E /* User.m */,
				2D6CAFFA1A5AA34800E2BA5E /* Student.h */,
				2D6CAFFB1A5AA34800E2BA5E /* Student.m */,
				2D3576211A7913F30056D6BF /* Bag.h */,
				2D3576221A7913F30056D6BF /* Bag.m */,
				2D35374A1B24868D00D5B7A8 /* Dog.h */,
				2D35374B1B24868D00D5B7A8 /* Dog.m */,
				2D3537531B248D9B00D5B7A8 /* Book.h */,
				2D3537541B248D9B00D5B7A8 /* Book.m */,
				2D49F31F1B2855EC008D5A72 /* Box.h */,
				2D49F3201B2855EC008D5A72 /* Box.m */,
				2D306F5E1B5A24430069910E /* BaseObject.h */,
				2D306F5F1B5A24430069910E /* BaseObject.m */,
			);
			path = Classes;
			sourceTree = "<group>";
		};
		2D9CAF1E192FA6020011F500 = {
			isa = PBXGroup;
			children = (
				2D9CAF2C192FA6020011F500 /* MJExtensionExample */,
				2D9CAF29192FA6020011F500 /* Frameworks */,
				2D9CAF28192FA6020011F500 /* Products */,
			);
			sourceTree = "<group>";
		};
		2D9CAF28192FA6020011F500 /* Products */ = {
			isa = PBXGroup;
			children = (
				2D9CAF27192FA6020011F500 /* MJExtensionExample */,
			);
			name = Products;
			sourceTree = "<group>";
		};
		2D9CAF29192FA6020011F500 /* Frameworks */ = {
			isa = PBXGroup;
			children = (
				89568B741B1B3EAE00B1FACA /* CoreData.framework */,
				2D9CAF2A192FA6020011F500 /* Foundation.framework */,
			);
			name = Frameworks;
			sourceTree = "<group>";
		};
		2D9CAF2C192FA6020011F500 /* MJExtensionExample */ = {
			isa = PBXGroup;
			children = (
				2D4A0BE61B25615600D323A7 /* MJExtension */,
				2D6CAFED1A5AA0BB00E2BA5E /* Classes */,
				2D9CAF2D192FA6020011F500 /* main.m */,
				2D2ABF0B1A7127DC0016C673 /* main.h */,
				2D9CAF31192FA6020011F500 /* MJExtensionExample.1 */,
				2D9CAF2F192FA6020011F500 /* Supporting Files */,
			);
			path = MJExtensionExample;
			sourceTree = "<group>";
		};
		2D9CAF2F192FA6020011F500 /* Supporting Files */ = {
			isa = PBXGroup;
			children = (
				2D9CAF30192FA6020011F500 /* MJExtensionExample-Prefix.pch */,
			);
			name = "Supporting Files";
			sourceTree = "<group>";
		};
/* End PBXGroup section */

/* Begin PBXNativeTarget section */
		2D9CAF26192FA6020011F500 /* MJExtensionExample */ = {
			isa = PBXNativeTarget;
			buildConfigurationList = 2D9CAF35192FA6020011F500 /* Build configuration list for PBXNativeTarget "MJExtensionExample" */;
			buildPhases = (
				2D9CAF23192FA6020011F500 /* Sources */,
				2D9CAF24192FA6020011F500 /* Frameworks */,
				2D9CAF25192FA6020011F500 /* CopyFiles */,
			);
			buildRules = (
			);
			dependencies = (
			);
			name = MJExtensionExample;
			productName = MJExtensionExample;
			productReference = 2D9CAF27192FA6020011F500 /* MJExtensionExample */;
			productType = "com.apple.product-type.tool";
		};
/* End PBXNativeTarget section */

/* Begin PBXProject section */
		2D9CAF1F192FA6020011F500 /* Project object */ = {
			isa = PBXProject;
			attributes = {
				LastUpgradeCheck = 0510;
				ORGANIZATIONNAME = "小码哥";
			};
			buildConfigurationList = 2D9CAF22192FA6020011F500 /* Build configuration list for PBXProject "MJExtensionExample" */;
			compatibilityVersion = "Xcode 3.2";
			developmentRegion = English;
			hasScannedForEncodings = 0;
			knownRegions = (
				en,
			);
			mainGroup = 2D9CAF1E192FA6020011F500;
			productRefGroup = 2D9CAF28192FA6020011F500 /* Products */;
			projectDirPath = "";
			projectRoot = "";
			targets = (
				2D9CAF26192FA6020011F500 /* MJExtensionExample */,
			);
		};
/* End PBXProject section */

/* Begin PBXSourcesBuildPhase section */
		2D9CAF23192FA6020011F500 /* Sources */ = {
			isa = PBXSourcesBuildPhase;
			buildActionMask = 2147483647;
			files = (
				2D4A0BFD1B25615700D323A7 /* NSObject+MJKeyValue.m in Sources */,
				2D306F601B5A24430069910E /* BaseObject.m in Sources */,
				2D6CAFF91A5AA0BB00E2BA5E /* User.m in Sources */,
				2D6CAFF61A5AA0BB00E2BA5E /* Ad.m in Sources */,
				2D6CAFFC1A5AA34800E2BA5E /* Student.m in Sources */,
				2D4A0BF91B25615700D323A7 /* MJFoundation.m in Sources */,
				2D4A0BFB1B25615700D323A7 /* MJType.m in Sources */,
				2D4A0BFA1B25615700D323A7 /* MJProperty.m in Sources */,
				2D4A0BFF1B25615700D323A7 /* NSString+MJExtension.m in Sources */,
				2D6CAFF71A5AA0BB00E2BA5E /* Status.m in Sources */,
				2D6CAFF81A5AA0BB00E2BA5E /* StatusResult.m in Sources */,
				2D9CAF2E192FA6020011F500 /* main.m in Sources */,
				2D4B069E1AE7CFF300C1843E /* MJExtensionConfig.m in Sources */,
				2D49F3211B2855EC008D5A72 /* Box.m in Sources */,
				2D3537551B248D9B00D5B7A8 /* Book.m in Sources */,
				2D4A0BFE1B25615700D323A7 /* NSObject+MJProperty.m in Sources */,
				2D306F5D1B58A6650069910E /* MJExtensionConst.m in Sources */,
				2D35374C1B24868D00D5B7A8 /* Dog.m in Sources */,
				2D3576231A7913F30056D6BF /* Bag.m in Sources */,
				2D4A0BFC1B25615700D323A7 /* NSObject+MJCoding.m in Sources */,
			);
			runOnlyForDeploymentPostprocessing = 0;
		};
/* End PBXSourcesBuildPhase section */

/* Begin XCBuildConfiguration section */
		2D9CAF33192FA6020011F500 /* Debug */ = {
			isa = XCBuildConfiguration;
			buildSettings = {
				ALWAYS_SEARCH_USER_PATHS = NO;
				CLANG_CXX_LANGUAGE_STANDARD = "gnu++0x";
				CLANG_CXX_LIBRARY = "libc++";
				CLANG_ENABLE_MODULES = YES;
				CLANG_ENABLE_OBJC_ARC = YES;
				CLANG_WARN_BOOL_CONVERSION = YES;
				CLANG_WARN_CONSTANT_CONVERSION = YES;
				CLANG_WARN_DIRECT_OBJC_ISA_USAGE = YES_ERROR;
				CLANG_WARN_EMPTY_BODY = YES;
				CLANG_WARN_ENUM_CONVERSION = YES;
				CLANG_WARN_INT_CONVERSION = YES;
				CLANG_WARN_OBJC_ROOT_CLASS = YES_ERROR;
				CLANG_WARN__DUPLICATE_METHOD_MATCH = YES;
				COPY_PHASE_STRIP = NO;
				GCC_C_LANGUAGE_STANDARD = gnu99;
				GCC_DYNAMIC_NO_PIC = NO;
				GCC_ENABLE_OBJC_EXCEPTIONS = YES;
				GCC_OPTIMIZATION_LEVEL = 0;
				GCC_PREPROCESSOR_DEFINITIONS = (
					"DEBUG=1",
					"$(inherited)",
				);
				GCC_SYMBOLS_PRIVATE_EXTERN = NO;
				GCC_WARN_64_TO_32_BIT_CONVERSION = YES;
				GCC_WARN_ABOUT_RETURN_TYPE = YES_ERROR;
				GCC_WARN_UNDECLARED_SELECTOR = YES;
				GCC_WARN_UNINITIALIZED_AUTOS = YES_AGGRESSIVE;
				GCC_WARN_UNUSED_FUNCTION = YES;
				GCC_WARN_UNUSED_VARIABLE = YES;
				MACOSX_DEPLOYMENT_TARGET = 10.9;
				ONLY_ACTIVE_ARCH = YES;
				SDKROOT = macosx;
			};
			name = Debug;
		};
		2D9CAF34192FA6020011F500 /* Release */ = {
			isa = XCBuildConfiguration;
			buildSettings = {
				ALWAYS_SEARCH_USER_PATHS = NO;
				CLANG_CXX_LANGUAGE_STANDARD = "gnu++0x";
				CLANG_CXX_LIBRARY = "libc++";
				CLANG_ENABLE_MODULES = YES;
				CLANG_ENABLE_OBJC_ARC = YES;
				CLANG_WARN_BOOL_CONVERSION = YES;
				CLANG_WARN_CONSTANT_CONVERSION = YES;
				CLANG_WARN_DIRECT_OBJC_ISA_USAGE = YES_ERROR;
				CLANG_WARN_EMPTY_BODY = YES;
				CLANG_WARN_ENUM_CONVERSION = YES;
				CLANG_WARN_INT_CONVERSION = YES;
				CLANG_WARN_OBJC_ROOT_CLASS = YES_ERROR;
				CLANG_WARN__DUPLICATE_METHOD_MATCH = YES;
				COPY_PHASE_STRIP = YES;
				DEBUG_INFORMATION_FORMAT = "dwarf-with-dsym";
				ENABLE_NS_ASSERTIONS = NO;
				GCC_C_LANGUAGE_STANDARD = gnu99;
				GCC_ENABLE_OBJC_EXCEPTIONS = YES;
				GCC_WARN_64_TO_32_BIT_CONVERSION = YES;
				GCC_WARN_ABOUT_RETURN_TYPE = YES_ERROR;
				GCC_WARN_UNDECLARED_SELECTOR = YES;
				GCC_WARN_UNINITIALIZED_AUTOS = YES_AGGRESSIVE;
				GCC_WARN_UNUSED_FUNCTION = YES;
				GCC_WARN_UNUSED_VARIABLE = YES;
				MACOSX_DEPLOYMENT_TARGET = 10.9;
				SDKROOT = macosx;
			};
			name = Release;
		};
		2D9CAF36192FA6020011F500 /* Debug */ = {
			isa = XCBuildConfiguration;
			buildSettings = {
				GCC_INPUT_FILETYPE = automatic;
				GCC_PRECOMPILE_PREFIX_HEADER = YES;
				GCC_PREFIX_HEADER = "MJExtensionExample/MJExtensionExample-Prefix.pch";
				PRODUCT_NAME = "$(TARGET_NAME)";
			};
			name = Debug;
		};
		2D9CAF37192FA6020011F500 /* Release */ = {
			isa = XCBuildConfiguration;
			buildSettings = {
				GCC_INPUT_FILETYPE = automatic;
				GCC_PRECOMPILE_PREFIX_HEADER = YES;
				GCC_PREFIX_HEADER = "MJExtensionExample/MJExtensionExample-Prefix.pch";
				PRODUCT_NAME = "$(TARGET_NAME)";
			};
			name = Release;
		};
/* End XCBuildConfiguration section */

/* Begin XCConfigurationList section */
		2D9CAF22192FA6020011F500 /* Build configuration list for PBXProject "MJExtensionExample" */ = {
			isa = XCConfigurationList;
			buildConfigurations = (
				2D9CAF33192FA6020011F500 /* Debug */,
				2D9CAF34192FA6020011F500 /* Release */,
			);
			defaultConfigurationIsVisible = 0;
			defaultConfigurationName = Release;
		};
		2D9CAF35192FA6020011F500 /* Build configuration list for PBXNativeTarget "MJExtensionExample" */ = {
			isa = XCConfigurationList;
			buildConfigurations = (
				2D9CAF36192FA6020011F500 /* Debug */,
				2D9CAF37192FA6020011F500 /* Release */,
			);
			defaultConfigurationIsVisible = 0;
			defaultConfigurationName = Release;
		};
/* End XCConfigurationList section */
	};
	rootObject = 2D9CAF1F192FA6020011F500 /* Project object */;
}
